
Microsoft Visual Studio Solution File, Format Version 12.00
# Visual Studio 15
VisualStudioVersion = 15.0.27130.2027
MinimumVisualStudioVersion = 10.0.40219.1
Project("{FAE04EC0-301F-11D3-BF4B-00C04F79EFBC}") = "SAF.Data.Tests", "SAF.Data.Tests\SAF.Data.Tests.csproj", "{6738DFC0-A112-438B-B5D7-33732DCAD6D7}"
EndProject
Project("{2150E333-8FDC-42A3-9474-1A3956D46DE8}") = "Solution Items", "Solution Items", "{1D49E474-547C-45FE-B0D6-DE51287A93D5}"
	ProjectSection(SolutionItems) = preProject
		Startitecture.Orm.vsmdi = Startitecture.Orm.vsmdi
	EndProjectSection
EndProject
Project("{FAE04EC0-301F-11D3-BF4B-00C04F79EFBC}") = "SAF.Core.Tests", "SAF.Core.Tests\SAF.Core.Tests.csproj", "{70ABC461-D809-443F-AD98-32EADAAD60E4}"
EndProject
Project("{2150E333-8FDC-42A3-9474-1A3956D46DE8}") = "Tests", "Tests", "{6BD71D9F-938D-4A32-8A5C-1ECCC5B5DCA8}"
EndProject
Project("{2150E333-8FDC-42A3-9474-1A3956D46DE8}") = "Solution Code Analysis", "Solution Code Analysis", "{9E90DA71-5C8D-4AC9-9BB4-F29B4E3A64A0}"
	ProjectSection(SolutionItems) = preProject
		Solution Code Analysis\CustomDictionary.xml = Solution Code Analysis\CustomDictionary.xml
	EndProjectSection
EndProject
Project("{FAE04EC0-301F-11D3-BF4B-00C04F79EFBC}") = "SAF.Data.Providers", "SAF.Data.Providers\SAF.Data.Providers.csproj", "{427F22DA-51D4-4DBA-B1EC-108C0B4F1899}"
EndProject
Project("{FAE04EC0-301F-11D3-BF4B-00C04F79EFBC}") = "SAF.Data.Providers.Tests", "SAF.Data.Providers.Tests\SAF.Data.Providers.Tests.csproj", "{505C0B1B-18CF-4D2F-900F-C4C128AE4C7A}"
EndProject
Project("{FAE04EC0-301F-11D3-BF4B-00C04F79EFBC}") = "SAF.Testing.Common", "SAF.Testing.Common\SAF.Testing.Common.csproj", "{C501EA54-FC90-4C6E-A01B-14255BD5CBDC}"
EndProject
Project("{2150E333-8FDC-42A3-9474-1A3956D46DE8}") = "BuildUtilities", "BuildUtilities", "{738BD095-1E36-47AA-822B-1D085BD3247A}"
	ProjectSection(SolutionItems) = preProject
		BuildUtilities\UpdateVersionNumber.ps1 = BuildUtilities\UpdateVersionNumber.ps1
	EndProjectSection
EndProject
Project("{FAE04EC0-301F-11D3-BF4B-00C04F79EFBC}") = "SAF.Mock", "SAF.Mock\SAF.Mock.csproj", "{1F4DF620-B163-4EAC-9D7E-9351E08A6A27}"
EndProject
Project("{2150E333-8FDC-42A3-9474-1A3956D46DE8}") = "Certificates", "Certificates", "{49232085-0E64-41CA-AA00-8840D2219579}"
	ProjectSection(SolutionItems) = preProject
		Certificates\Startitecture.Orm.snk = Certificates\Startitecture.Orm.snk
	EndProjectSection
EndProject
Project("{FAE04EC0-301F-11D3-BF4B-00C04F79EFBC}") = "Startitecture.Orm.Common", "Startitecture.Orm.Common\Startitecture.Orm.Common.csproj", "{5643589D-8D46-4717-AE66-994173F3D671}"
EndProject
Project("{FAE04EC0-301F-11D3-BF4B-00C04F79EFBC}") = "SAF.Testing.Common.Tests", "SAF.Testing.Common.Tests\SAF.Testing.Common.Tests.csproj", "{62766A6B-8299-4580-85F4-8488EE8F774A}"
EndProject
Project("{FAE04EC0-301F-11D3-BF4B-00C04F79EFBC}") = "Startitecture.Repository.Mapping", "Startitecture.Repository.Mapping\Startitecture.Repository.Mapping.csproj", "{93206D9F-C517-46E9-AFBA-34190DDDE488}"
EndProject
Project("{FAE04EC0-301F-11D3-BF4B-00C04F79EFBC}") = "Startitecture.Forms.Model", "Startitecture.Forms.Model\Startitecture.Forms.Model.csproj", "{8C414EA1-5AB4-43BA-BB01-88CE7DE25FC6}"
EndProject
Project("{FAE04EC0-301F-11D3-BF4B-00C04F79EFBC}") = "Startitecture.Common.Model", "Startitecture.Common.Model\Startitecture.Common.Model.csproj", "{B2A85677-E1D8-4919-A5C6-1B8BB59C819A}"
EndProject
Project("{FAE04EC0-301F-11D3-BF4B-00C04F79EFBC}") = "Startitecture.Workflow.Model", "Startitecture.Workflow.Model\Startitecture.Workflow.Model.csproj", "{F3999755-90B5-46E7-A5FD-3D671D20DB93}"
EndProject
Project("{00D1A9C2-B5F0-4AF3-8072-F6C62B433612}") = "Startitecture.Platform.Schema", "Startitecture.Platform.Schema\Startitecture.Platform.Schema.sqlproj", "{87098990-87F5-4DA1-B9C7-055FE93A8756}"
EndProject
Project("{FAE04EC0-301F-11D3-BF4B-00C04F79EFBC}") = "Startitecture.Platform.Entities", "Startitecture.Platform.Entities\Startitecture.Platform.Entities.csproj", "{53EFAF7A-78E1-4D04-B2FC-5C272B2D9D90}"
EndProject
Project("{FAE04EC0-301F-11D3-BF4B-00C04F79EFBC}") = "Startitecture.Core", "Startitecture.Core\Startitecture.Core.csproj", "{A0CDFF29-B883-478A-B8C5-698F9771529F}"
EndProject
Project("{FAE04EC0-301F-11D3-BF4B-00C04F79EFBC}") = "Startitecture.Orm.Model", "Startitecture.Orm.Model\Startitecture.Orm.Model.csproj", "{74143502-7860-42C5-B9CB-9D0CEDDC41D2}"
EndProject
Project("{FAE04EC0-301F-11D3-BF4B-00C04F79EFBC}") = "Startitecture.Orm.Query", "Startitecture.Orm.Query\Startitecture.Orm.Query.csproj", "{E735FF25-2F78-4EA5-BB6C-9AB69078B10F}"
EndProject
Project("{FAE04EC0-301F-11D3-BF4B-00C04F79EFBC}") = "Startitecture.Resources", "Startitecture.Resources\Startitecture.Resources.csproj", "{199411AA-992F-48AB-B8A3-E1E5506F72F5}"
EndProject
Project("{2150E333-8FDC-42A3-9474-1A3956D46DE8}") = "src", "src", "{B9191F04-16D8-43DB-9E74-427EEB7D8698}"
EndProject
Project("{2150E333-8FDC-42A3-9474-1A3956D46DE8}") = "Public", "Public", "{E2CC0600-0A5D-45F0-9FCD-DD16818965A1}"
EndProject
Project("{2150E333-8FDC-42A3-9474-1A3956D46DE8}") = "Internal", "Internal", "{98AAE6EB-76D9-4D84-B74B-1981D5D597C3}"
EndProject
Global
	GlobalSection(SolutionConfigurationPlatforms) = preSolution
		Debug|Any CPU = Debug|Any CPU
		Debug|Mixed Platforms = Debug|Mixed Platforms
		Debug|x86 = Debug|x86
		DebugLocal|Any CPU = DebugLocal|Any CPU
		DebugLocal|Mixed Platforms = DebugLocal|Mixed Platforms
		DebugLocal|x86 = DebugLocal|x86
		Release|Any CPU = Release|Any CPU
		Release|Mixed Platforms = Release|Mixed Platforms
		Release|x86 = Release|x86
	EndGlobalSection
	GlobalSection(ProjectConfigurationPlatforms) = postSolution
		{6738DFC0-A112-438B-B5D7-33732DCAD6D7}.Debug|Any CPU.ActiveCfg = Debug|Any CPU
		{6738DFC0-A112-438B-B5D7-33732DCAD6D7}.Debug|Any CPU.Build.0 = Debug|Any CPU
		{6738DFC0-A112-438B-B5D7-33732DCAD6D7}.Debug|Mixed Platforms.ActiveCfg = Debug|Any CPU
		{6738DFC0-A112-438B-B5D7-33732DCAD6D7}.Debug|Mixed Platforms.Build.0 = Debug|Any CPU
		{6738DFC0-A112-438B-B5D7-33732DCAD6D7}.Debug|x86.ActiveCfg = Debug|Any CPU
		{6738DFC0-A112-438B-B5D7-33732DCAD6D7}.DebugLocal|Any CPU.ActiveCfg = DebugLocal|Any CPU
		{6738DFC0-A112-438B-B5D7-33732DCAD6D7}.DebugLocal|Any CPU.Build.0 = DebugLocal|Any CPU
		{6738DFC0-A112-438B-B5D7-33732DCAD6D7}.DebugLocal|Mixed Platforms.ActiveCfg = DebugLocal|Any CPU
		{6738DFC0-A112-438B-B5D7-33732DCAD6D7}.DebugLocal|Mixed Platforms.Build.0 = DebugLocal|Any CPU
		{6738DFC0-A112-438B-B5D7-33732DCAD6D7}.DebugLocal|x86.ActiveCfg = DebugLocal|Any CPU
		{6738DFC0-A112-438B-B5D7-33732DCAD6D7}.DebugLocal|x86.Build.0 = DebugLocal|Any CPU
		{6738DFC0-A112-438B-B5D7-33732DCAD6D7}.Release|Any CPU.ActiveCfg = Release|Any CPU
		{6738DFC0-A112-438B-B5D7-33732DCAD6D7}.Release|Any CPU.Build.0 = Release|Any CPU
		{6738DFC0-A112-438B-B5D7-33732DCAD6D7}.Release|Mixed Platforms.ActiveCfg = Release|Any CPU
		{6738DFC0-A112-438B-B5D7-33732DCAD6D7}.Release|Mixed Platforms.Build.0 = Release|Any CPU
		{6738DFC0-A112-438B-B5D7-33732DCAD6D7}.Release|x86.ActiveCfg = Release|Any CPU
		{70ABC461-D809-443F-AD98-32EADAAD60E4}.Debug|Any CPU.ActiveCfg = Debug|Any CPU
		{70ABC461-D809-443F-AD98-32EADAAD60E4}.Debug|Any CPU.Build.0 = Debug|Any CPU
		{70ABC461-D809-443F-AD98-32EADAAD60E4}.Debug|Mixed Platforms.ActiveCfg = Debug|Any CPU
		{70ABC461-D809-443F-AD98-32EADAAD60E4}.Debug|Mixed Platforms.Build.0 = Debug|Any CPU
		{70ABC461-D809-443F-AD98-32EADAAD60E4}.Debug|x86.ActiveCfg = Debug|Any CPU
		{70ABC461-D809-443F-AD98-32EADAAD60E4}.DebugLocal|Any CPU.ActiveCfg = DebugLocal|Any CPU
		{70ABC461-D809-443F-AD98-32EADAAD60E4}.DebugLocal|Any CPU.Build.0 = DebugLocal|Any CPU
		{70ABC461-D809-443F-AD98-32EADAAD60E4}.DebugLocal|Mixed Platforms.ActiveCfg = DebugLocal|Any CPU
		{70ABC461-D809-443F-AD98-32EADAAD60E4}.DebugLocal|Mixed Platforms.Build.0 = DebugLocal|Any CPU
		{70ABC461-D809-443F-AD98-32EADAAD60E4}.DebugLocal|x86.ActiveCfg = DebugLocal|Any CPU
		{70ABC461-D809-443F-AD98-32EADAAD60E4}.DebugLocal|x86.Build.0 = DebugLocal|Any CPU
		{70ABC461-D809-443F-AD98-32EADAAD60E4}.Release|Any CPU.ActiveCfg = Release|Any CPU
		{70ABC461-D809-443F-AD98-32EADAAD60E4}.Release|Any CPU.Build.0 = Release|Any CPU
		{70ABC461-D809-443F-AD98-32EADAAD60E4}.Release|Mixed Platforms.ActiveCfg = Release|Any CPU
		{70ABC461-D809-443F-AD98-32EADAAD60E4}.Release|Mixed Platforms.Build.0 = Release|Any CPU
		{70ABC461-D809-443F-AD98-32EADAAD60E4}.Release|x86.ActiveCfg = Release|Any CPU
		{427F22DA-51D4-4DBA-B1EC-108C0B4F1899}.Debug|Any CPU.ActiveCfg = Debug|Any CPU
		{427F22DA-51D4-4DBA-B1EC-108C0B4F1899}.Debug|Any CPU.Build.0 = Debug|Any CPU
		{427F22DA-51D4-4DBA-B1EC-108C0B4F1899}.Debug|Mixed Platforms.ActiveCfg = Debug|Any CPU
		{427F22DA-51D4-4DBA-B1EC-108C0B4F1899}.Debug|Mixed Platforms.Build.0 = Debug|Any CPU
		{427F22DA-51D4-4DBA-B1EC-108C0B4F1899}.Debug|x86.ActiveCfg = Debug|Any CPU
		{427F22DA-51D4-4DBA-B1EC-108C0B4F1899}.DebugLocal|Any CPU.ActiveCfg = DebugLocal|Any CPU
		{427F22DA-51D4-4DBA-B1EC-108C0B4F1899}.DebugLocal|Any CPU.Build.0 = DebugLocal|Any CPU
		{427F22DA-51D4-4DBA-B1EC-108C0B4F1899}.DebugLocal|Mixed Platforms.ActiveCfg = DebugLocal|Any CPU
		{427F22DA-51D4-4DBA-B1EC-108C0B4F1899}.DebugLocal|Mixed Platforms.Build.0 = DebugLocal|Any CPU
		{427F22DA-51D4-4DBA-B1EC-108C0B4F1899}.DebugLocal|x86.ActiveCfg = DebugLocal|Any CPU
		{427F22DA-51D4-4DBA-B1EC-108C0B4F1899}.DebugLocal|x86.Build.0 = DebugLocal|Any CPU
		{427F22DA-51D4-4DBA-B1EC-108C0B4F1899}.Release|Any CPU.ActiveCfg = Release|Any CPU
		{427F22DA-51D4-4DBA-B1EC-108C0B4F1899}.Release|Any CPU.Build.0 = Release|Any CPU
		{427F22DA-51D4-4DBA-B1EC-108C0B4F1899}.Release|Mixed Platforms.ActiveCfg = Release|Any CPU
		{427F22DA-51D4-4DBA-B1EC-108C0B4F1899}.Release|Mixed Platforms.Build.0 = Release|Any CPU
		{427F22DA-51D4-4DBA-B1EC-108C0B4F1899}.Release|x86.ActiveCfg = Release|Any CPU
		{505C0B1B-18CF-4D2F-900F-C4C128AE4C7A}.Debug|Any CPU.ActiveCfg = Debug|Any CPU
		{505C0B1B-18CF-4D2F-900F-C4C128AE4C7A}.Debug|Any CPU.Build.0 = Debug|Any CPU
		{505C0B1B-18CF-4D2F-900F-C4C128AE4C7A}.Debug|Mixed Platforms.ActiveCfg = Debug|Any CPU
		{505C0B1B-18CF-4D2F-900F-C4C128AE4C7A}.Debug|Mixed Platforms.Build.0 = Debug|Any CPU
		{505C0B1B-18CF-4D2F-900F-C4C128AE4C7A}.Debug|x86.ActiveCfg = Debug|Any CPU
		{505C0B1B-18CF-4D2F-900F-C4C128AE4C7A}.DebugLocal|Any CPU.ActiveCfg = DebugLocal|Any CPU
		{505C0B1B-18CF-4D2F-900F-C4C128AE4C7A}.DebugLocal|Any CPU.Build.0 = DebugLocal|Any CPU
		{505C0B1B-18CF-4D2F-900F-C4C128AE4C7A}.DebugLocal|Mixed Platforms.ActiveCfg = DebugLocal|Any CPU
		{505C0B1B-18CF-4D2F-900F-C4C128AE4C7A}.DebugLocal|Mixed Platforms.Build.0 = DebugLocal|Any CPU
		{505C0B1B-18CF-4D2F-900F-C4C128AE4C7A}.DebugLocal|x86.ActiveCfg = DebugLocal|Any CPU
		{505C0B1B-18CF-4D2F-900F-C4C128AE4C7A}.DebugLocal|x86.Build.0 = DebugLocal|Any CPU
		{505C0B1B-18CF-4D2F-900F-C4C128AE4C7A}.Release|Any CPU.ActiveCfg = Release|Any CPU
		{505C0B1B-18CF-4D2F-900F-C4C128AE4C7A}.Release|Any CPU.Build.0 = Release|Any CPU
		{505C0B1B-18CF-4D2F-900F-C4C128AE4C7A}.Release|Mixed Platforms.ActiveCfg = Release|Any CPU
		{505C0B1B-18CF-4D2F-900F-C4C128AE4C7A}.Release|Mixed Platforms.Build.0 = Release|Any CPU
		{505C0B1B-18CF-4D2F-900F-C4C128AE4C7A}.Release|x86.ActiveCfg = Release|Any CPU
		{C501EA54-FC90-4C6E-A01B-14255BD5CBDC}.Debug|Any CPU.ActiveCfg = Debug|Any CPU
		{C501EA54-FC90-4C6E-A01B-14255BD5CBDC}.Debug|Any CPU.Build.0 = Debug|Any CPU
		{C501EA54-FC90-4C6E-A01B-14255BD5CBDC}.Debug|Mixed Platforms.ActiveCfg = Debug|Any CPU
		{C501EA54-FC90-4C6E-A01B-14255BD5CBDC}.Debug|Mixed Platforms.Build.0 = Debug|Any CPU
		{C501EA54-FC90-4C6E-A01B-14255BD5CBDC}.Debug|x86.ActiveCfg = Debug|Any CPU
		{C501EA54-FC90-4C6E-A01B-14255BD5CBDC}.DebugLocal|Any CPU.ActiveCfg = DebugLocal|Any CPU
		{C501EA54-FC90-4C6E-A01B-14255BD5CBDC}.DebugLocal|Any CPU.Build.0 = DebugLocal|Any CPU
		{C501EA54-FC90-4C6E-A01B-14255BD5CBDC}.DebugLocal|Mixed Platforms.ActiveCfg = DebugLocal|Any CPU
		{C501EA54-FC90-4C6E-A01B-14255BD5CBDC}.DebugLocal|Mixed Platforms.Build.0 = DebugLocal|Any CPU
		{C501EA54-FC90-4C6E-A01B-14255BD5CBDC}.DebugLocal|x86.ActiveCfg = DebugLocal|Any CPU
		{C501EA54-FC90-4C6E-A01B-14255BD5CBDC}.DebugLocal|x86.Build.0 = DebugLocal|Any CPU
		{C501EA54-FC90-4C6E-A01B-14255BD5CBDC}.Release|Any CPU.ActiveCfg = Release|Any CPU
		{C501EA54-FC90-4C6E-A01B-14255BD5CBDC}.Release|Any CPU.Build.0 = Release|Any CPU
		{C501EA54-FC90-4C6E-A01B-14255BD5CBDC}.Release|Mixed Platforms.ActiveCfg = Release|Any CPU
		{C501EA54-FC90-4C6E-A01B-14255BD5CBDC}.Release|Mixed Platforms.Build.0 = Release|Any CPU
		{C501EA54-FC90-4C6E-A01B-14255BD5CBDC}.Release|x86.ActiveCfg = Release|Any CPU
		{1F4DF620-B163-4EAC-9D7E-9351E08A6A27}.Debug|Any CPU.ActiveCfg = Debug|Any CPU
		{1F4DF620-B163-4EAC-9D7E-9351E08A6A27}.Debug|Any CPU.Build.0 = Debug|Any CPU
		{1F4DF620-B163-4EAC-9D7E-9351E08A6A27}.Debug|Mixed Platforms.ActiveCfg = Debug|Any CPU
		{1F4DF620-B163-4EAC-9D7E-9351E08A6A27}.Debug|Mixed Platforms.Build.0 = Debug|Any CPU
		{1F4DF620-B163-4EAC-9D7E-9351E08A6A27}.Debug|x86.ActiveCfg = Debug|Any CPU
		{1F4DF620-B163-4EAC-9D7E-9351E08A6A27}.Debug|x86.Build.0 = Debug|Any CPU
		{1F4DF620-B163-4EAC-9D7E-9351E08A6A27}.DebugLocal|Any CPU.ActiveCfg = Debug|Any CPU
		{1F4DF620-B163-4EAC-9D7E-9351E08A6A27}.DebugLocal|Any CPU.Build.0 = Debug|Any CPU
		{1F4DF620-B163-4EAC-9D7E-9351E08A6A27}.DebugLocal|Mixed Platforms.ActiveCfg = Debug|Any CPU
		{1F4DF620-B163-4EAC-9D7E-9351E08A6A27}.DebugLocal|Mixed Platforms.Build.0 = Debug|Any CPU
		{1F4DF620-B163-4EAC-9D7E-9351E08A6A27}.DebugLocal|x86.ActiveCfg = Debug|Any CPU
		{1F4DF620-B163-4EAC-9D7E-9351E08A6A27}.DebugLocal|x86.Build.0 = Debug|Any CPU
		{1F4DF620-B163-4EAC-9D7E-9351E08A6A27}.Release|Any CPU.ActiveCfg = Release|Any CPU
		{1F4DF620-B163-4EAC-9D7E-9351E08A6A27}.Release|Any CPU.Build.0 = Release|Any CPU
		{1F4DF620-B163-4EAC-9D7E-9351E08A6A27}.Release|Mixed Platforms.ActiveCfg = Release|Any CPU
		{1F4DF620-B163-4EAC-9D7E-9351E08A6A27}.Release|Mixed Platforms.Build.0 = Release|Any CPU
		{1F4DF620-B163-4EAC-9D7E-9351E08A6A27}.Release|x86.ActiveCfg = Release|Any CPU
		{1F4DF620-B163-4EAC-9D7E-9351E08A6A27}.Release|x86.Build.0 = Release|Any CPU
		{5643589D-8D46-4717-AE66-994173F3D671}.Debug|Any CPU.ActiveCfg = Debug|Any CPU
		{5643589D-8D46-4717-AE66-994173F3D671}.Debug|Any CPU.Build.0 = Debug|Any CPU
		{5643589D-8D46-4717-AE66-994173F3D671}.Debug|Mixed Platforms.ActiveCfg = Debug|Any CPU
		{5643589D-8D46-4717-AE66-994173F3D671}.Debug|Mixed Platforms.Build.0 = Debug|Any CPU
		{5643589D-8D46-4717-AE66-994173F3D671}.Debug|x86.ActiveCfg = Debug|Any CPU
		{5643589D-8D46-4717-AE66-994173F3D671}.Debug|x86.Build.0 = Debug|Any CPU
		{5643589D-8D46-4717-AE66-994173F3D671}.DebugLocal|Any CPU.ActiveCfg = Debug|Any CPU
		{5643589D-8D46-4717-AE66-994173F3D671}.DebugLocal|Any CPU.Build.0 = Debug|Any CPU
		{5643589D-8D46-4717-AE66-994173F3D671}.DebugLocal|Mixed Platforms.ActiveCfg = Debug|Any CPU
		{5643589D-8D46-4717-AE66-994173F3D671}.DebugLocal|Mixed Platforms.Build.0 = Debug|Any CPU
		{5643589D-8D46-4717-AE66-994173F3D671}.DebugLocal|x86.ActiveCfg = Debug|Any CPU
		{5643589D-8D46-4717-AE66-994173F3D671}.DebugLocal|x86.Build.0 = Debug|Any CPU
		{5643589D-8D46-4717-AE66-994173F3D671}.Release|Any CPU.ActiveCfg = Release|Any CPU
		{5643589D-8D46-4717-AE66-994173F3D671}.Release|Any CPU.Build.0 = Release|Any CPU
		{5643589D-8D46-4717-AE66-994173F3D671}.Release|Mixed Platforms.ActiveCfg = Release|Any CPU
		{5643589D-8D46-4717-AE66-994173F3D671}.Release|Mixed Platforms.Build.0 = Release|Any CPU
		{5643589D-8D46-4717-AE66-994173F3D671}.Release|x86.ActiveCfg = Release|Any CPU
		{5643589D-8D46-4717-AE66-994173F3D671}.Release|x86.Build.0 = Release|Any CPU
		{62766A6B-8299-4580-85F4-8488EE8F774A}.Debug|Any CPU.ActiveCfg = Debug|Any CPU
		{62766A6B-8299-4580-85F4-8488EE8F774A}.Debug|Any CPU.Build.0 = Debug|Any CPU
		{62766A6B-8299-4580-85F4-8488EE8F774A}.Debug|Mixed Platforms.ActiveCfg = Debug|Any CPU
		{62766A6B-8299-4580-85F4-8488EE8F774A}.Debug|Mixed Platforms.Build.0 = Debug|Any CPU
		{62766A6B-8299-4580-85F4-8488EE8F774A}.Debug|x86.ActiveCfg = Debug|Any CPU
		{62766A6B-8299-4580-85F4-8488EE8F774A}.Debug|x86.Build.0 = Debug|Any CPU
		{62766A6B-8299-4580-85F4-8488EE8F774A}.DebugLocal|Any CPU.ActiveCfg = Debug|Any CPU
		{62766A6B-8299-4580-85F4-8488EE8F774A}.DebugLocal|Any CPU.Build.0 = Debug|Any CPU
		{62766A6B-8299-4580-85F4-8488EE8F774A}.DebugLocal|Mixed Platforms.ActiveCfg = Debug|Any CPU
		{62766A6B-8299-4580-85F4-8488EE8F774A}.DebugLocal|Mixed Platforms.Build.0 = Debug|Any CPU
		{62766A6B-8299-4580-85F4-8488EE8F774A}.DebugLocal|x86.ActiveCfg = Debug|Any CPU
		{62766A6B-8299-4580-85F4-8488EE8F774A}.DebugLocal|x86.Build.0 = Debug|Any CPU
		{62766A6B-8299-4580-85F4-8488EE8F774A}.Release|Any CPU.ActiveCfg = Release|Any CPU
		{62766A6B-8299-4580-85F4-8488EE8F774A}.Release|Any CPU.Build.0 = Release|Any CPU
		{62766A6B-8299-4580-85F4-8488EE8F774A}.Release|Mixed Platforms.ActiveCfg = Release|Any CPU
		{62766A6B-8299-4580-85F4-8488EE8F774A}.Release|Mixed Platforms.Build.0 = Release|Any CPU
		{62766A6B-8299-4580-85F4-8488EE8F774A}.Release|x86.ActiveCfg = Release|Any CPU
		{62766A6B-8299-4580-85F4-8488EE8F774A}.Release|x86.Build.0 = Release|Any CPU
		{93206D9F-C517-46E9-AFBA-34190DDDE488}.Debug|Any CPU.ActiveCfg = Debug|Any CPU
		{93206D9F-C517-46E9-AFBA-34190DDDE488}.Debug|Any CPU.Build.0 = Debug|Any CPU
		{93206D9F-C517-46E9-AFBA-34190DDDE488}.Debug|Mixed Platforms.ActiveCfg = Debug|Any CPU
		{93206D9F-C517-46E9-AFBA-34190DDDE488}.Debug|Mixed Platforms.Build.0 = Debug|Any CPU
		{93206D9F-C517-46E9-AFBA-34190DDDE488}.Debug|x86.ActiveCfg = Debug|Any CPU
		{93206D9F-C517-46E9-AFBA-34190DDDE488}.Debug|x86.Build.0 = Debug|Any CPU
		{93206D9F-C517-46E9-AFBA-34190DDDE488}.DebugLocal|Any CPU.ActiveCfg = Debug|Any CPU
		{93206D9F-C517-46E9-AFBA-34190DDDE488}.DebugLocal|Any CPU.Build.0 = Debug|Any CPU
		{93206D9F-C517-46E9-AFBA-34190DDDE488}.DebugLocal|Mixed Platforms.ActiveCfg = Debug|Any CPU
		{93206D9F-C517-46E9-AFBA-34190DDDE488}.DebugLocal|Mixed Platforms.Build.0 = Debug|Any CPU
		{93206D9F-C517-46E9-AFBA-34190DDDE488}.DebugLocal|x86.ActiveCfg = Debug|Any CPU
		{93206D9F-C517-46E9-AFBA-34190DDDE488}.DebugLocal|x86.Build.0 = Debug|Any CPU
		{93206D9F-C517-46E9-AFBA-34190DDDE488}.Release|Any CPU.ActiveCfg = Release|Any CPU
		{93206D9F-C517-46E9-AFBA-34190DDDE488}.Release|Any CPU.Build.0 = Release|Any CPU
		{93206D9F-C517-46E9-AFBA-34190DDDE488}.Release|Mixed Platforms.ActiveCfg = Release|Any CPU
		{93206D9F-C517-46E9-AFBA-34190DDDE488}.Release|Mixed Platforms.Build.0 = Release|Any CPU
		{93206D9F-C517-46E9-AFBA-34190DDDE488}.Release|x86.ActiveCfg = Release|Any CPU
		{93206D9F-C517-46E9-AFBA-34190DDDE488}.Release|x86.Build.0 = Release|Any CPU
		{8C414EA1-5AB4-43BA-BB01-88CE7DE25FC6}.Debug|Any CPU.ActiveCfg = Debug|Any CPU
		{8C414EA1-5AB4-43BA-BB01-88CE7DE25FC6}.Debug|Any CPU.Build.0 = Debug|Any CPU
		{8C414EA1-5AB4-43BA-BB01-88CE7DE25FC6}.Debug|Mixed Platforms.ActiveCfg = Debug|Any CPU
		{8C414EA1-5AB4-43BA-BB01-88CE7DE25FC6}.Debug|Mixed Platforms.Build.0 = Debug|Any CPU
		{8C414EA1-5AB4-43BA-BB01-88CE7DE25FC6}.Debug|x86.ActiveCfg = Debug|Any CPU
		{8C414EA1-5AB4-43BA-BB01-88CE7DE25FC6}.Debug|x86.Build.0 = Debug|Any CPU
		{8C414EA1-5AB4-43BA-BB01-88CE7DE25FC6}.DebugLocal|Any CPU.ActiveCfg = Debug|Any CPU
		{8C414EA1-5AB4-43BA-BB01-88CE7DE25FC6}.DebugLocal|Any CPU.Build.0 = Debug|Any CPU
		{8C414EA1-5AB4-43BA-BB01-88CE7DE25FC6}.DebugLocal|Mixed Platforms.ActiveCfg = Debug|Any CPU
		{8C414EA1-5AB4-43BA-BB01-88CE7DE25FC6}.DebugLocal|Mixed Platforms.Build.0 = Debug|Any CPU
		{8C414EA1-5AB4-43BA-BB01-88CE7DE25FC6}.DebugLocal|x86.ActiveCfg = Debug|Any CPU
		{8C414EA1-5AB4-43BA-BB01-88CE7DE25FC6}.DebugLocal|x86.Build.0 = Debug|Any CPU
		{8C414EA1-5AB4-43BA-BB01-88CE7DE25FC6}.Release|Any CPU.ActiveCfg = Release|Any CPU
		{8C414EA1-5AB4-43BA-BB01-88CE7DE25FC6}.Release|Any CPU.Build.0 = Release|Any CPU
		{8C414EA1-5AB4-43BA-BB01-88CE7DE25FC6}.Release|Mixed Platforms.ActiveCfg = Release|Any CPU
		{8C414EA1-5AB4-43BA-BB01-88CE7DE25FC6}.Release|Mixed Platforms.Build.0 = Release|Any CPU
		{8C414EA1-5AB4-43BA-BB01-88CE7DE25FC6}.Release|x86.ActiveCfg = Release|Any CPU
		{8C414EA1-5AB4-43BA-BB01-88CE7DE25FC6}.Release|x86.Build.0 = Release|Any CPU
		{B2A85677-E1D8-4919-A5C6-1B8BB59C819A}.Debug|Any CPU.ActiveCfg = Debug|Any CPU
		{B2A85677-E1D8-4919-A5C6-1B8BB59C819A}.Debug|Any CPU.Build.0 = Debug|Any CPU
		{B2A85677-E1D8-4919-A5C6-1B8BB59C819A}.Debug|Mixed Platforms.ActiveCfg = Debug|Any CPU
		{B2A85677-E1D8-4919-A5C6-1B8BB59C819A}.Debug|Mixed Platforms.Build.0 = Debug|Any CPU
		{B2A85677-E1D8-4919-A5C6-1B8BB59C819A}.Debug|x86.ActiveCfg = Debug|Any CPU
		{B2A85677-E1D8-4919-A5C6-1B8BB59C819A}.Debug|x86.Build.0 = Debug|Any CPU
		{B2A85677-E1D8-4919-A5C6-1B8BB59C819A}.DebugLocal|Any CPU.ActiveCfg = Debug|Any CPU
		{B2A85677-E1D8-4919-A5C6-1B8BB59C819A}.DebugLocal|Any CPU.Build.0 = Debug|Any CPU
		{B2A85677-E1D8-4919-A5C6-1B8BB59C819A}.DebugLocal|Mixed Platforms.ActiveCfg = Debug|Any CPU
		{B2A85677-E1D8-4919-A5C6-1B8BB59C819A}.DebugLocal|Mixed Platforms.Build.0 = Debug|Any CPU
		{B2A85677-E1D8-4919-A5C6-1B8BB59C819A}.DebugLocal|x86.ActiveCfg = Debug|Any CPU
		{B2A85677-E1D8-4919-A5C6-1B8BB59C819A}.DebugLocal|x86.Build.0 = Debug|Any CPU
		{B2A85677-E1D8-4919-A5C6-1B8BB59C819A}.Release|Any CPU.ActiveCfg = Release|Any CPU
		{B2A85677-E1D8-4919-A5C6-1B8BB59C819A}.Release|Any CPU.Build.0 = Release|Any CPU
		{B2A85677-E1D8-4919-A5C6-1B8BB59C819A}.Release|Mixed Platforms.ActiveCfg = Release|Any CPU
		{B2A85677-E1D8-4919-A5C6-1B8BB59C819A}.Release|Mixed Platforms.Build.0 = Release|Any CPU
		{B2A85677-E1D8-4919-A5C6-1B8BB59C819A}.Release|x86.ActiveCfg = Release|Any CPU
		{B2A85677-E1D8-4919-A5C6-1B8BB59C819A}.Release|x86.Build.0 = Release|Any CPU
		{F3999755-90B5-46E7-A5FD-3D671D20DB93}.Debug|Any CPU.ActiveCfg = Debug|Any CPU
		{F3999755-90B5-46E7-A5FD-3D671D20DB93}.Debug|Any CPU.Build.0 = Debug|Any CPU
		{F3999755-90B5-46E7-A5FD-3D671D20DB93}.Debug|Mixed Platforms.ActiveCfg = Debug|Any CPU
		{F3999755-90B5-46E7-A5FD-3D671D20DB93}.Debug|Mixed Platforms.Build.0 = Debug|Any CPU
		{F3999755-90B5-46E7-A5FD-3D671D20DB93}.Debug|x86.ActiveCfg = Debug|Any CPU
		{F3999755-90B5-46E7-A5FD-3D671D20DB93}.Debug|x86.Build.0 = Debug|Any CPU
		{F3999755-90B5-46E7-A5FD-3D671D20DB93}.DebugLocal|Any CPU.ActiveCfg = Debug|Any CPU
		{F3999755-90B5-46E7-A5FD-3D671D20DB93}.DebugLocal|Any CPU.Build.0 = Debug|Any CPU
		{F3999755-90B5-46E7-A5FD-3D671D20DB93}.DebugLocal|Mixed Platforms.ActiveCfg = Debug|Any CPU
		{F3999755-90B5-46E7-A5FD-3D671D20DB93}.DebugLocal|Mixed Platforms.Build.0 = Debug|Any CPU
		{F3999755-90B5-46E7-A5FD-3D671D20DB93}.DebugLocal|x86.ActiveCfg = Debug|Any CPU
		{F3999755-90B5-46E7-A5FD-3D671D20DB93}.DebugLocal|x86.Build.0 = Debug|Any CPU
		{F3999755-90B5-46E7-A5FD-3D671D20DB93}.Release|Any CPU.ActiveCfg = Release|Any CPU
		{F3999755-90B5-46E7-A5FD-3D671D20DB93}.Release|Any CPU.Build.0 = Release|Any CPU
		{F3999755-90B5-46E7-A5FD-3D671D20DB93}.Release|Mixed Platforms.ActiveCfg = Release|Any CPU
		{F3999755-90B5-46E7-A5FD-3D671D20DB93}.Release|Mixed Platforms.Build.0 = Release|Any CPU
		{F3999755-90B5-46E7-A5FD-3D671D20DB93}.Release|x86.ActiveCfg = Release|Any CPU
		{F3999755-90B5-46E7-A5FD-3D671D20DB93}.Release|x86.Build.0 = Release|Any CPU
		{87098990-87F5-4DA1-B9C7-055FE93A8756}.Debug|Any CPU.ActiveCfg = Debug|Any CPU
		{87098990-87F5-4DA1-B9C7-055FE93A8756}.Debug|Any CPU.Build.0 = Debug|Any CPU
		{87098990-87F5-4DA1-B9C7-055FE93A8756}.Debug|Any CPU.Deploy.0 = Debug|Any CPU
		{87098990-87F5-4DA1-B9C7-055FE93A8756}.Debug|Mixed Platforms.ActiveCfg = Debug|Any CPU
		{87098990-87F5-4DA1-B9C7-055FE93A8756}.Debug|Mixed Platforms.Build.0 = Debug|Any CPU
		{87098990-87F5-4DA1-B9C7-055FE93A8756}.Debug|Mixed Platforms.Deploy.0 = Debug|Any CPU
		{87098990-87F5-4DA1-B9C7-055FE93A8756}.Debug|x86.ActiveCfg = Debug|Any CPU
		{87098990-87F5-4DA1-B9C7-055FE93A8756}.Debug|x86.Build.0 = Debug|Any CPU
		{87098990-87F5-4DA1-B9C7-055FE93A8756}.Debug|x86.Deploy.0 = Debug|Any CPU
		{87098990-87F5-4DA1-B9C7-055FE93A8756}.DebugLocal|Any CPU.ActiveCfg = Debug|Any CPU
		{87098990-87F5-4DA1-B9C7-055FE93A8756}.DebugLocal|Any CPU.Build.0 = Debug|Any CPU
		{87098990-87F5-4DA1-B9C7-055FE93A8756}.DebugLocal|Any CPU.Deploy.0 = Debug|Any CPU
		{87098990-87F5-4DA1-B9C7-055FE93A8756}.DebugLocal|Mixed Platforms.ActiveCfg = Debug|Any CPU
		{87098990-87F5-4DA1-B9C7-055FE93A8756}.DebugLocal|Mixed Platforms.Build.0 = Debug|Any CPU
		{87098990-87F5-4DA1-B9C7-055FE93A8756}.DebugLocal|Mixed Platforms.Deploy.0 = Debug|Any CPU
		{87098990-87F5-4DA1-B9C7-055FE93A8756}.DebugLocal|x86.ActiveCfg = Debug|Any CPU
		{87098990-87F5-4DA1-B9C7-055FE93A8756}.DebugLocal|x86.Build.0 = Debug|Any CPU
		{87098990-87F5-4DA1-B9C7-055FE93A8756}.DebugLocal|x86.Deploy.0 = Debug|Any CPU
		{87098990-87F5-4DA1-B9C7-055FE93A8756}.Release|Any CPU.ActiveCfg = Release|Any CPU
		{87098990-87F5-4DA1-B9C7-055FE93A8756}.Release|Any CPU.Build.0 = Release|Any CPU
		{87098990-87F5-4DA1-B9C7-055FE93A8756}.Release|Any CPU.Deploy.0 = Release|Any CPU
		{87098990-87F5-4DA1-B9C7-055FE93A8756}.Release|Mixed Platforms.ActiveCfg = Release|Any CPU
		{87098990-87F5-4DA1-B9C7-055FE93A8756}.Release|Mixed Platforms.Build.0 = Release|Any CPU
		{87098990-87F5-4DA1-B9C7-055FE93A8756}.Release|Mixed Platforms.Deploy.0 = Release|Any CPU
		{87098990-87F5-4DA1-B9C7-055FE93A8756}.Release|x86.ActiveCfg = Release|Any CPU
		{87098990-87F5-4DA1-B9C7-055FE93A8756}.Release|x86.Build.0 = Release|Any CPU
		{87098990-87F5-4DA1-B9C7-055FE93A8756}.Release|x86.Deploy.0 = Release|Any CPU
		{53EFAF7A-78E1-4D04-B2FC-5C272B2D9D90}.Debug|Any CPU.ActiveCfg = Debug|Any CPU
		{53EFAF7A-78E1-4D04-B2FC-5C272B2D9D90}.Debug|Any CPU.Build.0 = Debug|Any CPU
		{53EFAF7A-78E1-4D04-B2FC-5C272B2D9D90}.Debug|Mixed Platforms.ActiveCfg = Debug|Any CPU
		{53EFAF7A-78E1-4D04-B2FC-5C272B2D9D90}.Debug|Mixed Platforms.Build.0 = Debug|Any CPU
		{53EFAF7A-78E1-4D04-B2FC-5C272B2D9D90}.Debug|x86.ActiveCfg = Debug|Any CPU
		{53EFAF7A-78E1-4D04-B2FC-5C272B2D9D90}.Debug|x86.Build.0 = Debug|Any CPU
		{53EFAF7A-78E1-4D04-B2FC-5C272B2D9D90}.DebugLocal|Any CPU.ActiveCfg = Debug|Any CPU
		{53EFAF7A-78E1-4D04-B2FC-5C272B2D9D90}.DebugLocal|Any CPU.Build.0 = Debug|Any CPU
		{53EFAF7A-78E1-4D04-B2FC-5C272B2D9D90}.DebugLocal|Mixed Platforms.ActiveCfg = Debug|Any CPU
		{53EFAF7A-78E1-4D04-B2FC-5C272B2D9D90}.DebugLocal|Mixed Platforms.Build.0 = Debug|Any CPU
		{53EFAF7A-78E1-4D04-B2FC-5C272B2D9D90}.DebugLocal|x86.ActiveCfg = Debug|Any CPU
		{53EFAF7A-78E1-4D04-B2FC-5C272B2D9D90}.DebugLocal|x86.Build.0 = Debug|Any CPU
		{53EFAF7A-78E1-4D04-B2FC-5C272B2D9D90}.Release|Any CPU.ActiveCfg = Release|Any CPU
		{53EFAF7A-78E1-4D04-B2FC-5C272B2D9D90}.Release|Any CPU.Build.0 = Release|Any CPU
		{53EFAF7A-78E1-4D04-B2FC-5C272B2D9D90}.Release|Mixed Platforms.ActiveCfg = Release|Any CPU
		{53EFAF7A-78E1-4D04-B2FC-5C272B2D9D90}.Release|Mixed Platforms.Build.0 = Release|Any CPU
		{53EFAF7A-78E1-4D04-B2FC-5C272B2D9D90}.Release|x86.ActiveCfg = Release|Any CPU
		{53EFAF7A-78E1-4D04-B2FC-5C272B2D9D90}.Release|x86.Build.0 = Release|Any CPU
		{A0CDFF29-B883-478A-B8C5-698F9771529F}.Debug|Any CPU.ActiveCfg = Debug|Any CPU
		{A0CDFF29-B883-478A-B8C5-698F9771529F}.Debug|Any CPU.Build.0 = Debug|Any CPU
		{A0CDFF29-B883-478A-B8C5-698F9771529F}.Debug|Mixed Platforms.ActiveCfg = Debug|Any CPU
		{A0CDFF29-B883-478A-B8C5-698F9771529F}.Debug|Mixed Platforms.Build.0 = Debug|Any CPU
		{A0CDFF29-B883-478A-B8C5-698F9771529F}.Debug|x86.ActiveCfg = Debug|Any CPU
		{A0CDFF29-B883-478A-B8C5-698F9771529F}.Debug|x86.Build.0 = Debug|Any CPU
		{A0CDFF29-B883-478A-B8C5-698F9771529F}.DebugLocal|Any CPU.ActiveCfg = Debug|Any CPU
		{A0CDFF29-B883-478A-B8C5-698F9771529F}.DebugLocal|Any CPU.Build.0 = Debug|Any CPU
		{A0CDFF29-B883-478A-B8C5-698F9771529F}.DebugLocal|Mixed Platforms.ActiveCfg = Debug|Any CPU
		{A0CDFF29-B883-478A-B8C5-698F9771529F}.DebugLocal|Mixed Platforms.Build.0 = Debug|Any CPU
		{A0CDFF29-B883-478A-B8C5-698F9771529F}.DebugLocal|x86.ActiveCfg = Debug|Any CPU
		{A0CDFF29-B883-478A-B8C5-698F9771529F}.DebugLocal|x86.Build.0 = Debug|Any CPU
		{A0CDFF29-B883-478A-B8C5-698F9771529F}.Release|Any CPU.ActiveCfg = Release|Any CPU
		{A0CDFF29-B883-478A-B8C5-698F9771529F}.Release|Any CPU.Build.0 = Release|Any CPU
		{A0CDFF29-B883-478A-B8C5-698F9771529F}.Release|Mixed Platforms.ActiveCfg = Release|Any CPU
		{A0CDFF29-B883-478A-B8C5-698F9771529F}.Release|Mixed Platforms.Build.0 = Release|Any CPU
		{A0CDFF29-B883-478A-B8C5-698F9771529F}.Release|x86.ActiveCfg = Release|Any CPU
		{A0CDFF29-B883-478A-B8C5-698F9771529F}.Release|x86.Build.0 = Release|Any CPU
		{74143502-7860-42C5-B9CB-9D0CEDDC41D2}.Debug|Any CPU.ActiveCfg = Debug|Any CPU
		{74143502-7860-42C5-B9CB-9D0CEDDC41D2}.Debug|Any CPU.Build.0 = Debug|Any CPU
		{74143502-7860-42C5-B9CB-9D0CEDDC41D2}.Debug|Mixed Platforms.ActiveCfg = Debug|Any CPU
		{74143502-7860-42C5-B9CB-9D0CEDDC41D2}.Debug|Mixed Platforms.Build.0 = Debug|Any CPU
		{74143502-7860-42C5-B9CB-9D0CEDDC41D2}.Debug|x86.ActiveCfg = Debug|Any CPU
		{74143502-7860-42C5-B9CB-9D0CEDDC41D2}.Debug|x86.Build.0 = Debug|Any CPU
		{74143502-7860-42C5-B9CB-9D0CEDDC41D2}.DebugLocal|Any CPU.ActiveCfg = Debug|Any CPU
		{74143502-7860-42C5-B9CB-9D0CEDDC41D2}.DebugLocal|Any CPU.Build.0 = Debug|Any CPU
		{74143502-7860-42C5-B9CB-9D0CEDDC41D2}.DebugLocal|Mixed Platforms.ActiveCfg = Debug|Any CPU
		{74143502-7860-42C5-B9CB-9D0CEDDC41D2}.DebugLocal|Mixed Platforms.Build.0 = Debug|Any CPU
		{74143502-7860-42C5-B9CB-9D0CEDDC41D2}.DebugLocal|x86.ActiveCfg = Debug|Any CPU
		{74143502-7860-42C5-B9CB-9D0CEDDC41D2}.DebugLocal|x86.Build.0 = Debug|Any CPU
		{74143502-7860-42C5-B9CB-9D0CEDDC41D2}.Release|Any CPU.ActiveCfg = Release|Any CPU
		{74143502-7860-42C5-B9CB-9D0CEDDC41D2}.Release|Any CPU.Build.0 = Release|Any CPU
		{74143502-7860-42C5-B9CB-9D0CEDDC41D2}.Release|Mixed Platforms.ActiveCfg = Release|Any CPU
		{74143502-7860-42C5-B9CB-9D0CEDDC41D2}.Release|Mixed Platforms.Build.0 = Release|Any CPU
		{74143502-7860-42C5-B9CB-9D0CEDDC41D2}.Release|x86.ActiveCfg = Release|Any CPU
		{74143502-7860-42C5-B9CB-9D0CEDDC41D2}.Release|x86.Build.0 = Release|Any CPU
		{E735FF25-2F78-4EA5-BB6C-9AB69078B10F}.Debug|Any CPU.ActiveCfg = Debug|Any CPU
		{E735FF25-2F78-4EA5-BB6C-9AB69078B10F}.Debug|Any CPU.Build.0 = Debug|Any CPU
		{E735FF25-2F78-4EA5-BB6C-9AB69078B10F}.Debug|Mixed Platforms.ActiveCfg = Debug|Any CPU
		{E735FF25-2F78-4EA5-BB6C-9AB69078B10F}.Debug|Mixed Platforms.Build.0 = Debug|Any CPU
		{E735FF25-2F78-4EA5-BB6C-9AB69078B10F}.Debug|x86.ActiveCfg = Debug|Any CPU
		{E735FF25-2F78-4EA5-BB6C-9AB69078B10F}.Debug|x86.Build.0 = Debug|Any CPU
		{E735FF25-2F78-4EA5-BB6C-9AB69078B10F}.DebugLocal|Any CPU.ActiveCfg = Debug|Any CPU
		{E735FF25-2F78-4EA5-BB6C-9AB69078B10F}.DebugLocal|Any CPU.Build.0 = Debug|Any CPU
		{E735FF25-2F78-4EA5-BB6C-9AB69078B10F}.DebugLocal|Mixed Platforms.ActiveCfg = Debug|Any CPU
		{E735FF25-2F78-4EA5-BB6C-9AB69078B10F}.DebugLocal|Mixed Platforms.Build.0 = Debug|Any CPU
		{E735FF25-2F78-4EA5-BB6C-9AB69078B10F}.DebugLocal|x86.ActiveCfg = Debug|Any CPU
		{E735FF25-2F78-4EA5-BB6C-9AB69078B10F}.DebugLocal|x86.Build.0 = Debug|Any CPU
		{E735FF25-2F78-4EA5-BB6C-9AB69078B10F}.Release|Any CPU.ActiveCfg = Release|Any CPU
		{E735FF25-2F78-4EA5-BB6C-9AB69078B10F}.Release|Any CPU.Build.0 = Release|Any CPU
		{E735FF25-2F78-4EA5-BB6C-9AB69078B10F}.Release|Mixed Platforms.ActiveCfg = Release|Any CPU
		{E735FF25-2F78-4EA5-BB6C-9AB69078B10F}.Release|Mixed Platforms.Build.0 = Release|Any CPU
		{E735FF25-2F78-4EA5-BB6C-9AB69078B10F}.Release|x86.ActiveCfg = Release|Any CPU
		{E735FF25-2F78-4EA5-BB6C-9AB69078B10F}.Release|x86.Build.0 = Release|Any CPU
		{199411AA-992F-48AB-B8A3-E1E5506F72F5}.Debug|Any CPU.ActiveCfg = Debug|Any CPU
		{199411AA-992F-48AB-B8A3-E1E5506F72F5}.Debug|Any CPU.Build.0 = Debug|Any CPU
		{199411AA-992F-48AB-B8A3-E1E5506F72F5}.Debug|Mixed Platforms.ActiveCfg = Debug|Any CPU
		{199411AA-992F-48AB-B8A3-E1E5506F72F5}.Debug|Mixed Platforms.Build.0 = Debug|Any CPU
		{199411AA-992F-48AB-B8A3-E1E5506F72F5}.Debug|x86.ActiveCfg = Debug|Any CPU
		{199411AA-992F-48AB-B8A3-E1E5506F72F5}.Debug|x86.Build.0 = Debug|Any CPU
		{199411AA-992F-48AB-B8A3-E1E5506F72F5}.DebugLocal|Any CPU.ActiveCfg = Debug|Any CPU
		{199411AA-992F-48AB-B8A3-E1E5506F72F5}.DebugLocal|Any CPU.Build.0 = Debug|Any CPU
		{199411AA-992F-48AB-B8A3-E1E5506F72F5}.DebugLocal|Mixed Platforms.ActiveCfg = Debug|Any CPU
		{199411AA-992F-48AB-B8A3-E1E5506F72F5}.DebugLocal|Mixed Platforms.Build.0 = Debug|Any CPU
		{199411AA-992F-48AB-B8A3-E1E5506F72F5}.DebugLocal|x86.ActiveCfg = Debug|Any CPU
		{199411AA-992F-48AB-B8A3-E1E5506F72F5}.DebugLocal|x86.Build.0 = Debug|Any CPU
		{199411AA-992F-48AB-B8A3-E1E5506F72F5}.Release|Any CPU.ActiveCfg = Release|Any CPU
		{199411AA-992F-48AB-B8A3-E1E5506F72F5}.Release|Any CPU.Build.0 = Release|Any CPU
		{199411AA-992F-48AB-B8A3-E1E5506F72F5}.Release|Mixed Platforms.ActiveCfg = Release|Any CPU
		{199411AA-992F-48AB-B8A3-E1E5506F72F5}.Release|Mixed Platforms.Build.0 = Release|Any CPU
		{199411AA-992F-48AB-B8A3-E1E5506F72F5}.Release|x86.ActiveCfg = Release|Any CPU
		{199411AA-992F-48AB-B8A3-E1E5506F72F5}.Release|x86.Build.0 = Release|Any CPU
	EndGlobalSection
	GlobalSection(SolutionProperties) = preSolution
		HideSolutionNode = FALSE
	EndGlobalSection
	GlobalSection(NestedProjects) = preSolution
		{6738DFC0-A112-438B-B5D7-33732DCAD6D7} = {6BD71D9F-938D-4A32-8A5C-1ECCC5B5DCA8}
		{70ABC461-D809-443F-AD98-32EADAAD60E4} = {6BD71D9F-938D-4A32-8A5C-1ECCC5B5DCA8}
		{505C0B1B-18CF-4D2F-900F-C4C128AE4C7A} = {6BD71D9F-938D-4A32-8A5C-1ECCC5B5DCA8}
		{C501EA54-FC90-4C6E-A01B-14255BD5CBDC} = {6BD71D9F-938D-4A32-8A5C-1ECCC5B5DCA8}
		{5643589D-8D46-4717-AE66-994173F3D671} = {E2CC0600-0A5D-45F0-9FCD-DD16818965A1}
		{62766A6B-8299-4580-85F4-8488EE8F774A} = {6BD71D9F-938D-4A32-8A5C-1ECCC5B5DCA8}
		{93206D9F-C517-46E9-AFBA-34190DDDE488} = {E2CC0600-0A5D-45F0-9FCD-DD16818965A1}
		{8C414EA1-5AB4-43BA-BB01-88CE7DE25FC6} = {98AAE6EB-76D9-4D84-B74B-1981D5D597C3}
		{B2A85677-E1D8-4919-A5C6-1B8BB59C819A} = {98AAE6EB-76D9-4D84-B74B-1981D5D597C3}
		{F3999755-90B5-46E7-A5FD-3D671D20DB93} = {98AAE6EB-76D9-4D84-B74B-1981D5D597C3}
		{87098990-87F5-4DA1-B9C7-055FE93A8756} = {98AAE6EB-76D9-4D84-B74B-1981D5D597C3}
		{53EFAF7A-78E1-4D04-B2FC-5C272B2D9D90} = {98AAE6EB-76D9-4D84-B74B-1981D5D597C3}
		{A0CDFF29-B883-478A-B8C5-698F9771529F} = {E2CC0600-0A5D-45F0-9FCD-DD16818965A1}
		{74143502-7860-42C5-B9CB-9D0CEDDC41D2} = {E2CC0600-0A5D-45F0-9FCD-DD16818965A1}
		{E735FF25-2F78-4EA5-BB6C-9AB69078B10F} = {E2CC0600-0A5D-45F0-9FCD-DD16818965A1}
		{199411AA-992F-48AB-B8A3-E1E5506F72F5} = {98AAE6EB-76D9-4D84-B74B-1981D5D597C3}
		{E2CC0600-0A5D-45F0-9FCD-DD16818965A1} = {B9191F04-16D8-43DB-9E74-427EEB7D8698}
		{98AAE6EB-76D9-4D84-B74B-1981D5D597C3} = {B9191F04-16D8-43DB-9E74-427EEB7D8698}
	EndGlobalSection
	GlobalSection(ExtensibilityGlobals) = postSolution
		SolutionGuid = {8836AFFF-81BC-4FD9-91A1-C78F367E7813}
		EnterpriseLibraryConfigurationToolBinariesPath = C:\Program Files (x86)\Microsoft Enterprise Library 5.0\Bin
	EndGlobalSection
	GlobalSection(TestCaseManagementSettings) = postSolution
		CategoryFile = Simple Application Framework.vsmdi
	EndGlobalSection
EndGlobal
