
Microsoft Visual Studio Solution File, Format Version 12.00
# Visual Studio 15
VisualStudioVersion = 15.0.27130.2036
MinimumVisualStudioVersion = 10.0.40219.1
Project("{2150E333-8FDC-42A3-9474-1A3956D46DE8}") = "Solution Items", "Solution Items", "{1D49E474-547C-45FE-B0D6-DE51287A93D5}"
	ProjectSection(SolutionItems) = preProject
		.gitignore = .gitignore
		Startitecture.Orm.vsmdi = Startitecture.Orm.vsmdi
	EndProjectSection
EndProject
Project("{2150E333-8FDC-42A3-9474-1A3956D46DE8}") = "Solution Code Analysis", "Solution Code Analysis", "{9E90DA71-5C8D-4AC9-9BB4-F29B4E3A64A0}"
	ProjectSection(SolutionItems) = preProject
		Solution Code Analysis\CustomDictionary.xml = Solution Code Analysis\CustomDictionary.xml
		Settings.StyleCop = Settings.StyleCop
	EndProjectSection
EndProject
Project("{2150E333-8FDC-42A3-9474-1A3956D46DE8}") = "BuildUtilities", "BuildUtilities", "{738BD095-1E36-47AA-822B-1D085BD3247A}"
	ProjectSection(SolutionItems) = preProject
		BuildUtilities\UpdateVersionNumber.ps1 = BuildUtilities\UpdateVersionNumber.ps1
	EndProjectSection
EndProject
Project("{2150E333-8FDC-42A3-9474-1A3956D46DE8}") = "Certificates", "Certificates", "{49232085-0E64-41CA-AA00-8840D2219579}"
	ProjectSection(SolutionItems) = preProject
		Certificates\Startitecture.Core.pfx = Certificates\Startitecture.Core.pfx
		Certificates\Startitecture.Orm.snk = Certificates\Startitecture.Orm.snk
	EndProjectSection
EndProject
Project("{FAE04EC0-301F-11D3-BF4B-00C04F79EFBC}") = "Startitecture.Orm.Common", "Startitecture.Orm.Common\Startitecture.Orm.Common.csproj", "{5643589D-8D46-4717-AE66-994173F3D671}"
EndProject
Project("{FAE04EC0-301F-11D3-BF4B-00C04F79EFBC}") = "Startitecture.Forms.Model", "Startitecture.Forms.Model\Startitecture.Forms.Model.csproj", "{8C414EA1-5AB4-43BA-BB01-88CE7DE25FC6}"
EndProject
Project("{FAE04EC0-301F-11D3-BF4B-00C04F79EFBC}") = "Startitecture.Common.Model", "Startitecture.Common.Model\Startitecture.Common.Model.csproj", "{B2A85677-E1D8-4919-A5C6-1B8BB59C819A}"
EndProject
Project("{FAE04EC0-301F-11D3-BF4B-00C04F79EFBC}") = "Startitecture.Workflow.Model", "Startitecture.Workflow.Model\Startitecture.Workflow.Model.csproj", "{F3999755-90B5-46E7-A5FD-3D671D20DB93}"
EndProject
Project("{00D1A9C2-B5F0-4AF3-8072-F6C62B433612}") = "Startitecture.Platform.Schema", "Startitecture.Platform.Schema\Startitecture.Platform.Schema.sqlproj", "{87098990-87F5-4DA1-B9C7-055FE93A8756}"
EndProject
Project("{FAE04EC0-301F-11D3-BF4B-00C04F79EFBC}") = "Startitecture.Platform.Entities", "Startitecture.Platform.Entities\Startitecture.Platform.Entities.csproj", "{53EFAF7A-78E1-4D04-B2FC-5C272B2D9D90}"
EndProject
Project("{FAE04EC0-301F-11D3-BF4B-00C04F79EFBC}") = "Startitecture.Core", "Startitecture.Core\Startitecture.Core.csproj", "{A0CDFF29-B883-478A-B8C5-698F9771529F}"
EndProject
Project("{FAE04EC0-301F-11D3-BF4B-00C04F79EFBC}") = "Startitecture.Orm.Model", "Startitecture.Orm.Model\Startitecture.Orm.Model.csproj", "{74143502-7860-42C5-B9CB-9D0CEDDC41D2}"
EndProject
Project("{FAE04EC0-301F-11D3-BF4B-00C04F79EFBC}") = "Startitecture.Orm.Query", "Startitecture.Orm.Query\Startitecture.Orm.Query.csproj", "{E735FF25-2F78-4EA5-BB6C-9AB69078B10F}"
EndProject
Project("{FAE04EC0-301F-11D3-BF4B-00C04F79EFBC}") = "Startitecture.Resources", "Startitecture.Resources\Startitecture.Resources.csproj", "{199411AA-992F-48AB-B8A3-E1E5506F72F5}"
EndProject
Project("{2150E333-8FDC-42A3-9474-1A3956D46DE8}") = "src", "src", "{B9191F04-16D8-43DB-9E74-427EEB7D8698}"
EndProject
Project("{2150E333-8FDC-42A3-9474-1A3956D46DE8}") = "Public", "Public", "{E2CC0600-0A5D-45F0-9FCD-DD16818965A1}"
EndProject
Project("{2150E333-8FDC-42A3-9474-1A3956D46DE8}") = "Internal", "Internal", "{98AAE6EB-76D9-4D84-B74B-1981D5D597C3}"
EndProject
Project("{FAE04EC0-301F-11D3-BF4B-00C04F79EFBC}") = "Startitecture.Orm.Schema", "Startitecture.Orm.Schema\Startitecture.Orm.Schema.csproj", "{9D984C1F-1486-4718-9D52-0A36B1C06DB3}"
EndProject
Project("{FAE04EC0-301F-11D3-BF4B-00C04F79EFBC}") = "Startitecture.Orm.Sql", "Startitecture.Orm.Sql\Startitecture.Orm.Sql.csproj", "{1F629078-CE41-48E5-8160-C13D46121252}"
EndProject
Project("{FAE04EC0-301F-11D3-BF4B-00C04F79EFBC}") = "Startitecture.Orm.Mapper", "Startitecture.Orm.Mapper\Startitecture.Orm.Mapper.csproj", "{2100EE7E-02A9-4912-A8A8-A482B4E8C55B}"
EndProject
Project("{FAE04EC0-301F-11D3-BF4B-00C04F79EFBC}") = "Startitecture.Orm.Repository", "Startitecture.Orm.Repository\Startitecture.Orm.Repository.csproj", "{93206D9F-C517-46E9-AFBA-34190DDDE488}"
EndProject
Project("{FAE04EC0-301F-11D3-BF4B-00C04F79EFBC}") = "Startitecture.Core.Tests", "Startitecture.Core.Tests\Startitecture.Core.Tests.csproj", "{A8165E22-777E-4B60-81CB-AF6FEF1696E6}"
EndProject
Project("{FAE04EC0-301F-11D3-BF4B-00C04F79EFBC}") = "Startitecture.Orm.Repository.Tests", "Startitecture.Orm.Repository.Tests\Startitecture.Orm.Repository.Tests.csproj", "{CF0E37ED-19A1-4F1C-861C-8279FC074E62}"
EndProject
Project("{FAE04EC0-301F-11D3-BF4B-00C04F79EFBC}") = "Startitecture.Orm.Testing.RhinoMocks", "Startitecture.Orm.Testing.RhinoMocks\Startitecture.Orm.Testing.RhinoMocks.csproj", "{2E56B43E-1EBD-4DCB-87AD-0DEF1134C12B}"
EndProject
Project("{FAE04EC0-301F-11D3-BF4B-00C04F79EFBC}") = "Startitecture.Orm.Schema.Tests", "Startitecture.Orm.Schema.Tests\Startitecture.Orm.Schema.Tests.csproj", "{93FB0C49-DA3C-49F8-B10B-A4DB4BB7C17C}"
EndProject
Project("{FAE04EC0-301F-11D3-BF4B-00C04F79EFBC}") = "Startitecture.Orm.Model.Tests", "Startitecture.Orm.Model.Tests\Startitecture.Orm.Model.Tests.csproj", "{C5D4A33E-8DB6-4AF3-8406-17AC4241FBB2}"
EndProject
Project("{FAE04EC0-301F-11D3-BF4B-00C04F79EFBC}") = "Startitecture.Orm.Testing.Model", "Startitecture.Orm.Testing.Model\Startitecture.Orm.Testing.Model.csproj", "{2541775F-1B34-4E5A-95BB-B8961633114A}"
EndProject
Project("{FAE04EC0-301F-11D3-BF4B-00C04F79EFBC}") = "Startitecture.Orm.Query.Tests", "Startitecture.Orm.Query.Tests\Startitecture.Orm.Query.Tests.csproj", "{73680A86-D3B8-4475-B528-FE81D5A87DBB}"
EndProject
Project("{FAE04EC0-301F-11D3-BF4B-00C04F79EFBC}") = "Startitecture.Orm.Mapper.Tests", "Startitecture.Orm.Mapper.Tests\Startitecture.Orm.Mapper.Tests.csproj", "{49E494DC-E001-49AA-A420-A7BB8D852A86}"
EndProject
Project("{FAE04EC0-301F-11D3-BF4B-00C04F79EFBC}") = "Startitecture.Orm.Sql.Tests", "Startitecture.Orm.Sql.Tests\Startitecture.Orm.Sql.Tests.csproj", "{0190B7C6-9EB8-4EF8-8973-FE766CD800C7}"
EndProject
Project("{00D1A9C2-B5F0-4AF3-8072-F6C62B433612}") = "Startitecture.Orm.Testing.Schema", "Startitecture.Orm.Testing.Schema\Startitecture.Orm.Testing.Schema.sqlproj", "{40106EBF-BF23-427D-B3AD-9D32EBF54FDF}"
EndProject
Project("{FAE04EC0-301F-11D3-BF4B-00C04F79EFBC}") = "Startitecture.Orm.Testing.Entities", "Startitecture.Orm.Testing.Entities\Startitecture.Orm.Testing.Entities.csproj", "{EC7CD13B-7F25-4F71-9C22-E3AB8BD9AAFD}"
EndProject
Project("{2150E333-8FDC-42A3-9474-1A3956D46DE8}") = "Core", "Core", "{5A41FA6C-648C-488C-BC31-FB580931C88B}"
EndProject
Project("{2150E333-8FDC-42A3-9474-1A3956D46DE8}") = "Storm", "Storm", "{8F7F395A-6152-4F7A-8DC4-4610A9E38EC8}"
EndProject
Global
	GlobalSection(SolutionConfigurationPlatforms) = preSolution
		Debug|Any CPU = Debug|Any CPU
		Debug|Mixed Platforms = Debug|Mixed Platforms
		Debug|x86 = Debug|x86
		DebugLocal|Any CPU = DebugLocal|Any CPU
		DebugLocal|Mixed Platforms = DebugLocal|Mixed Platforms
		DebugLocal|x86 = DebugLocal|x86
		Release|Any CPU = Release|Any CPU
		Release|Mixed Platforms = Release|Mixed Platforms
		Release|x86 = Release|x86
	EndGlobalSection
	GlobalSection(ProjectConfigurationPlatforms) = postSolution
		{5643589D-8D46-4717-AE66-994173F3D671}.Debug|Any CPU.ActiveCfg = Debug|Any CPU
		{5643589D-8D46-4717-AE66-994173F3D671}.Debug|Any CPU.Build.0 = Debug|Any CPU
		{5643589D-8D46-4717-AE66-994173F3D671}.Debug|Mixed Platforms.ActiveCfg = Debug|Any CPU
		{5643589D-8D46-4717-AE66-994173F3D671}.Debug|Mixed Platforms.Build.0 = Debug|Any CPU
		{5643589D-8D46-4717-AE66-994173F3D671}.Debug|x86.ActiveCfg = Debug|Any CPU
		{5643589D-8D46-4717-AE66-994173F3D671}.Debug|x86.Build.0 = Debug|Any CPU
		{5643589D-8D46-4717-AE66-994173F3D671}.DebugLocal|Any CPU.ActiveCfg = Debug|Any CPU
		{5643589D-8D46-4717-AE66-994173F3D671}.DebugLocal|Any CPU.Build.0 = Debug|Any CPU
		{5643589D-8D46-4717-AE66-994173F3D671}.DebugLocal|Mixed Platforms.ActiveCfg = Debug|Any CPU
		{5643589D-8D46-4717-AE66-994173F3D671}.DebugLocal|Mixed Platforms.Build.0 = Debug|Any CPU
		{5643589D-8D46-4717-AE66-994173F3D671}.DebugLocal|x86.ActiveCfg = Debug|Any CPU
		{5643589D-8D46-4717-AE66-994173F3D671}.DebugLocal|x86.Build.0 = Debug|Any CPU
		{5643589D-8D46-4717-AE66-994173F3D671}.Release|Any CPU.ActiveCfg = Release|Any CPU
		{5643589D-8D46-4717-AE66-994173F3D671}.Release|Any CPU.Build.0 = Release|Any CPU
		{5643589D-8D46-4717-AE66-994173F3D671}.Release|Mixed Platforms.ActiveCfg = Release|Any CPU
		{5643589D-8D46-4717-AE66-994173F3D671}.Release|Mixed Platforms.Build.0 = Release|Any CPU
		{5643589D-8D46-4717-AE66-994173F3D671}.Release|x86.ActiveCfg = Release|Any CPU
		{5643589D-8D46-4717-AE66-994173F3D671}.Release|x86.Build.0 = Release|Any CPU
		{8C414EA1-5AB4-43BA-BB01-88CE7DE25FC6}.Debug|Any CPU.ActiveCfg = Debug|Any CPU
		{8C414EA1-5AB4-43BA-BB01-88CE7DE25FC6}.Debug|Any CPU.Build.0 = Debug|Any CPU
		{8C414EA1-5AB4-43BA-BB01-88CE7DE25FC6}.Debug|Mixed Platforms.ActiveCfg = Debug|Any CPU
		{8C414EA1-5AB4-43BA-BB01-88CE7DE25FC6}.Debug|Mixed Platforms.Build.0 = Debug|Any CPU
		{8C414EA1-5AB4-43BA-BB01-88CE7DE25FC6}.Debug|x86.ActiveCfg = Debug|Any CPU
		{8C414EA1-5AB4-43BA-BB01-88CE7DE25FC6}.Debug|x86.Build.0 = Debug|Any CPU
		{8C414EA1-5AB4-43BA-BB01-88CE7DE25FC6}.DebugLocal|Any CPU.ActiveCfg = Debug|Any CPU
		{8C414EA1-5AB4-43BA-BB01-88CE7DE25FC6}.DebugLocal|Any CPU.Build.0 = Debug|Any CPU
		{8C414EA1-5AB4-43BA-BB01-88CE7DE25FC6}.DebugLocal|Mixed Platforms.ActiveCfg = Debug|Any CPU
		{8C414EA1-5AB4-43BA-BB01-88CE7DE25FC6}.DebugLocal|Mixed Platforms.Build.0 = Debug|Any CPU
		{8C414EA1-5AB4-43BA-BB01-88CE7DE25FC6}.DebugLocal|x86.ActiveCfg = Debug|Any CPU
		{8C414EA1-5AB4-43BA-BB01-88CE7DE25FC6}.DebugLocal|x86.Build.0 = Debug|Any CPU
		{8C414EA1-5AB4-43BA-BB01-88CE7DE25FC6}.Release|Any CPU.ActiveCfg = Release|Any CPU
		{8C414EA1-5AB4-43BA-BB01-88CE7DE25FC6}.Release|Any CPU.Build.0 = Release|Any CPU
		{8C414EA1-5AB4-43BA-BB01-88CE7DE25FC6}.Release|Mixed Platforms.ActiveCfg = Release|Any CPU
		{8C414EA1-5AB4-43BA-BB01-88CE7DE25FC6}.Release|Mixed Platforms.Build.0 = Release|Any CPU
		{8C414EA1-5AB4-43BA-BB01-88CE7DE25FC6}.Release|x86.ActiveCfg = Release|Any CPU
		{8C414EA1-5AB4-43BA-BB01-88CE7DE25FC6}.Release|x86.Build.0 = Release|Any CPU
		{B2A85677-E1D8-4919-A5C6-1B8BB59C819A}.Debug|Any CPU.ActiveCfg = Debug|Any CPU
		{B2A85677-E1D8-4919-A5C6-1B8BB59C819A}.Debug|Any CPU.Build.0 = Debug|Any CPU
		{B2A85677-E1D8-4919-A5C6-1B8BB59C819A}.Debug|Mixed Platforms.ActiveCfg = Debug|Any CPU
		{B2A85677-E1D8-4919-A5C6-1B8BB59C819A}.Debug|Mixed Platforms.Build.0 = Debug|Any CPU
		{B2A85677-E1D8-4919-A5C6-1B8BB59C819A}.Debug|x86.ActiveCfg = Debug|Any CPU
		{B2A85677-E1D8-4919-A5C6-1B8BB59C819A}.Debug|x86.Build.0 = Debug|Any CPU
		{B2A85677-E1D8-4919-A5C6-1B8BB59C819A}.DebugLocal|Any CPU.ActiveCfg = Debug|Any CPU
		{B2A85677-E1D8-4919-A5C6-1B8BB59C819A}.DebugLocal|Any CPU.Build.0 = Debug|Any CPU
		{B2A85677-E1D8-4919-A5C6-1B8BB59C819A}.DebugLocal|Mixed Platforms.ActiveCfg = Debug|Any CPU
		{B2A85677-E1D8-4919-A5C6-1B8BB59C819A}.DebugLocal|Mixed Platforms.Build.0 = Debug|Any CPU
		{B2A85677-E1D8-4919-A5C6-1B8BB59C819A}.DebugLocal|x86.ActiveCfg = Debug|Any CPU
		{B2A85677-E1D8-4919-A5C6-1B8BB59C819A}.DebugLocal|x86.Build.0 = Debug|Any CPU
		{B2A85677-E1D8-4919-A5C6-1B8BB59C819A}.Release|Any CPU.ActiveCfg = Release|Any CPU
		{B2A85677-E1D8-4919-A5C6-1B8BB59C819A}.Release|Any CPU.Build.0 = Release|Any CPU
		{B2A85677-E1D8-4919-A5C6-1B8BB59C819A}.Release|Mixed Platforms.ActiveCfg = Release|Any CPU
		{B2A85677-E1D8-4919-A5C6-1B8BB59C819A}.Release|Mixed Platforms.Build.0 = Release|Any CPU
		{B2A85677-E1D8-4919-A5C6-1B8BB59C819A}.Release|x86.ActiveCfg = Release|Any CPU
		{B2A85677-E1D8-4919-A5C6-1B8BB59C819A}.Release|x86.Build.0 = Release|Any CPU
		{F3999755-90B5-46E7-A5FD-3D671D20DB93}.Debug|Any CPU.ActiveCfg = Debug|Any CPU
		{F3999755-90B5-46E7-A5FD-3D671D20DB93}.Debug|Any CPU.Build.0 = Debug|Any CPU
		{F3999755-90B5-46E7-A5FD-3D671D20DB93}.Debug|Mixed Platforms.ActiveCfg = Debug|Any CPU
		{F3999755-90B5-46E7-A5FD-3D671D20DB93}.Debug|Mixed Platforms.Build.0 = Debug|Any CPU
		{F3999755-90B5-46E7-A5FD-3D671D20DB93}.Debug|x86.ActiveCfg = Debug|Any CPU
		{F3999755-90B5-46E7-A5FD-3D671D20DB93}.Debug|x86.Build.0 = Debug|Any CPU
		{F3999755-90B5-46E7-A5FD-3D671D20DB93}.DebugLocal|Any CPU.ActiveCfg = Debug|Any CPU
		{F3999755-90B5-46E7-A5FD-3D671D20DB93}.DebugLocal|Any CPU.Build.0 = Debug|Any CPU
		{F3999755-90B5-46E7-A5FD-3D671D20DB93}.DebugLocal|Mixed Platforms.ActiveCfg = Debug|Any CPU
		{F3999755-90B5-46E7-A5FD-3D671D20DB93}.DebugLocal|Mixed Platforms.Build.0 = Debug|Any CPU
		{F3999755-90B5-46E7-A5FD-3D671D20DB93}.DebugLocal|x86.ActiveCfg = Debug|Any CPU
		{F3999755-90B5-46E7-A5FD-3D671D20DB93}.DebugLocal|x86.Build.0 = Debug|Any CPU
		{F3999755-90B5-46E7-A5FD-3D671D20DB93}.Release|Any CPU.ActiveCfg = Release|Any CPU
		{F3999755-90B5-46E7-A5FD-3D671D20DB93}.Release|Any CPU.Build.0 = Release|Any CPU
		{F3999755-90B5-46E7-A5FD-3D671D20DB93}.Release|Mixed Platforms.ActiveCfg = Release|Any CPU
		{F3999755-90B5-46E7-A5FD-3D671D20DB93}.Release|Mixed Platforms.Build.0 = Release|Any CPU
		{F3999755-90B5-46E7-A5FD-3D671D20DB93}.Release|x86.ActiveCfg = Release|Any CPU
		{F3999755-90B5-46E7-A5FD-3D671D20DB93}.Release|x86.Build.0 = Release|Any CPU
		{87098990-87F5-4DA1-B9C7-055FE93A8756}.Debug|Any CPU.ActiveCfg = Debug|Any CPU
		{87098990-87F5-4DA1-B9C7-055FE93A8756}.Debug|Any CPU.Build.0 = Debug|Any CPU
		{87098990-87F5-4DA1-B9C7-055FE93A8756}.Debug|Any CPU.Deploy.0 = Debug|Any CPU
		{87098990-87F5-4DA1-B9C7-055FE93A8756}.Debug|Mixed Platforms.ActiveCfg = Debug|Any CPU
		{87098990-87F5-4DA1-B9C7-055FE93A8756}.Debug|Mixed Platforms.Build.0 = Debug|Any CPU
		{87098990-87F5-4DA1-B9C7-055FE93A8756}.Debug|Mixed Platforms.Deploy.0 = Debug|Any CPU
		{87098990-87F5-4DA1-B9C7-055FE93A8756}.Debug|x86.ActiveCfg = Debug|Any CPU
		{87098990-87F5-4DA1-B9C7-055FE93A8756}.Debug|x86.Build.0 = Debug|Any CPU
		{87098990-87F5-4DA1-B9C7-055FE93A8756}.Debug|x86.Deploy.0 = Debug|Any CPU
		{87098990-87F5-4DA1-B9C7-055FE93A8756}.DebugLocal|Any CPU.ActiveCfg = Debug|Any CPU
		{87098990-87F5-4DA1-B9C7-055FE93A8756}.DebugLocal|Any CPU.Build.0 = Debug|Any CPU
		{87098990-87F5-4DA1-B9C7-055FE93A8756}.DebugLocal|Any CPU.Deploy.0 = Debug|Any CPU
		{87098990-87F5-4DA1-B9C7-055FE93A8756}.DebugLocal|Mixed Platforms.ActiveCfg = Debug|Any CPU
		{87098990-87F5-4DA1-B9C7-055FE93A8756}.DebugLocal|Mixed Platforms.Build.0 = Debug|Any CPU
		{87098990-87F5-4DA1-B9C7-055FE93A8756}.DebugLocal|Mixed Platforms.Deploy.0 = Debug|Any CPU
		{87098990-87F5-4DA1-B9C7-055FE93A8756}.DebugLocal|x86.ActiveCfg = Debug|Any CPU
		{87098990-87F5-4DA1-B9C7-055FE93A8756}.DebugLocal|x86.Build.0 = Debug|Any CPU
		{87098990-87F5-4DA1-B9C7-055FE93A8756}.DebugLocal|x86.Deploy.0 = Debug|Any CPU
		{87098990-87F5-4DA1-B9C7-055FE93A8756}.Release|Any CPU.ActiveCfg = Release|Any CPU
		{87098990-87F5-4DA1-B9C7-055FE93A8756}.Release|Any CPU.Build.0 = Release|Any CPU
		{87098990-87F5-4DA1-B9C7-055FE93A8756}.Release|Any CPU.Deploy.0 = Release|Any CPU
		{87098990-87F5-4DA1-B9C7-055FE93A8756}.Release|Mixed Platforms.ActiveCfg = Release|Any CPU
		{87098990-87F5-4DA1-B9C7-055FE93A8756}.Release|Mixed Platforms.Build.0 = Release|Any CPU
		{87098990-87F5-4DA1-B9C7-055FE93A8756}.Release|Mixed Platforms.Deploy.0 = Release|Any CPU
		{87098990-87F5-4DA1-B9C7-055FE93A8756}.Release|x86.ActiveCfg = Release|Any CPU
		{87098990-87F5-4DA1-B9C7-055FE93A8756}.Release|x86.Build.0 = Release|Any CPU
		{87098990-87F5-4DA1-B9C7-055FE93A8756}.Release|x86.Deploy.0 = Release|Any CPU
		{53EFAF7A-78E1-4D04-B2FC-5C272B2D9D90}.Debug|Any CPU.ActiveCfg = Debug|Any CPU
		{53EFAF7A-78E1-4D04-B2FC-5C272B2D9D90}.Debug|Any CPU.Build.0 = Debug|Any CPU
		{53EFAF7A-78E1-4D04-B2FC-5C272B2D9D90}.Debug|Mixed Platforms.ActiveCfg = Debug|Any CPU
		{53EFAF7A-78E1-4D04-B2FC-5C272B2D9D90}.Debug|Mixed Platforms.Build.0 = Debug|Any CPU
		{53EFAF7A-78E1-4D04-B2FC-5C272B2D9D90}.Debug|x86.ActiveCfg = Debug|Any CPU
		{53EFAF7A-78E1-4D04-B2FC-5C272B2D9D90}.Debug|x86.Build.0 = Debug|Any CPU
		{53EFAF7A-78E1-4D04-B2FC-5C272B2D9D90}.DebugLocal|Any CPU.ActiveCfg = Debug|Any CPU
		{53EFAF7A-78E1-4D04-B2FC-5C272B2D9D90}.DebugLocal|Any CPU.Build.0 = Debug|Any CPU
		{53EFAF7A-78E1-4D04-B2FC-5C272B2D9D90}.DebugLocal|Mixed Platforms.ActiveCfg = Debug|Any CPU
		{53EFAF7A-78E1-4D04-B2FC-5C272B2D9D90}.DebugLocal|Mixed Platforms.Build.0 = Debug|Any CPU
		{53EFAF7A-78E1-4D04-B2FC-5C272B2D9D90}.DebugLocal|x86.ActiveCfg = Debug|Any CPU
		{53EFAF7A-78E1-4D04-B2FC-5C272B2D9D90}.DebugLocal|x86.Build.0 = Debug|Any CPU
		{53EFAF7A-78E1-4D04-B2FC-5C272B2D9D90}.Release|Any CPU.ActiveCfg = Release|Any CPU
		{53EFAF7A-78E1-4D04-B2FC-5C272B2D9D90}.Release|Any CPU.Build.0 = Release|Any CPU
		{53EFAF7A-78E1-4D04-B2FC-5C272B2D9D90}.Release|Mixed Platforms.ActiveCfg = Release|Any CPU
		{53EFAF7A-78E1-4D04-B2FC-5C272B2D9D90}.Release|Mixed Platforms.Build.0 = Release|Any CPU
		{53EFAF7A-78E1-4D04-B2FC-5C272B2D9D90}.Release|x86.ActiveCfg = Release|Any CPU
		{53EFAF7A-78E1-4D04-B2FC-5C272B2D9D90}.Release|x86.Build.0 = Release|Any CPU
		{A0CDFF29-B883-478A-B8C5-698F9771529F}.Debug|Any CPU.ActiveCfg = Debug|Any CPU
		{A0CDFF29-B883-478A-B8C5-698F9771529F}.Debug|Any CPU.Build.0 = Debug|Any CPU
		{A0CDFF29-B883-478A-B8C5-698F9771529F}.Debug|Mixed Platforms.ActiveCfg = Debug|Any CPU
		{A0CDFF29-B883-478A-B8C5-698F9771529F}.Debug|Mixed Platforms.Build.0 = Debug|Any CPU
		{A0CDFF29-B883-478A-B8C5-698F9771529F}.Debug|x86.ActiveCfg = Debug|Any CPU
		{A0CDFF29-B883-478A-B8C5-698F9771529F}.Debug|x86.Build.0 = Debug|Any CPU
		{A0CDFF29-B883-478A-B8C5-698F9771529F}.DebugLocal|Any CPU.ActiveCfg = Debug|Any CPU
		{A0CDFF29-B883-478A-B8C5-698F9771529F}.DebugLocal|Any CPU.Build.0 = Debug|Any CPU
		{A0CDFF29-B883-478A-B8C5-698F9771529F}.DebugLocal|Mixed Platforms.ActiveCfg = Debug|Any CPU
		{A0CDFF29-B883-478A-B8C5-698F9771529F}.DebugLocal|Mixed Platforms.Build.0 = Debug|Any CPU
		{A0CDFF29-B883-478A-B8C5-698F9771529F}.DebugLocal|x86.ActiveCfg = Debug|Any CPU
		{A0CDFF29-B883-478A-B8C5-698F9771529F}.DebugLocal|x86.Build.0 = Debug|Any CPU
		{A0CDFF29-B883-478A-B8C5-698F9771529F}.Release|Any CPU.ActiveCfg = Release|Any CPU
		{A0CDFF29-B883-478A-B8C5-698F9771529F}.Release|Any CPU.Build.0 = Release|Any CPU
		{A0CDFF29-B883-478A-B8C5-698F9771529F}.Release|Mixed Platforms.ActiveCfg = Release|Any CPU
		{A0CDFF29-B883-478A-B8C5-698F9771529F}.Release|Mixed Platforms.Build.0 = Release|Any CPU
		{A0CDFF29-B883-478A-B8C5-698F9771529F}.Release|x86.ActiveCfg = Release|Any CPU
		{A0CDFF29-B883-478A-B8C5-698F9771529F}.Release|x86.Build.0 = Release|Any CPU
		{74143502-7860-42C5-B9CB-9D0CEDDC41D2}.Debug|Any CPU.ActiveCfg = Debug|Any CPU
		{74143502-7860-42C5-B9CB-9D0CEDDC41D2}.Debug|Any CPU.Build.0 = Debug|Any CPU
		{74143502-7860-42C5-B9CB-9D0CEDDC41D2}.Debug|Mixed Platforms.ActiveCfg = Debug|Any CPU
		{74143502-7860-42C5-B9CB-9D0CEDDC41D2}.Debug|Mixed Platforms.Build.0 = Debug|Any CPU
		{74143502-7860-42C5-B9CB-9D0CEDDC41D2}.Debug|x86.ActiveCfg = Debug|Any CPU
		{74143502-7860-42C5-B9CB-9D0CEDDC41D2}.Debug|x86.Build.0 = Debug|Any CPU
		{74143502-7860-42C5-B9CB-9D0CEDDC41D2}.DebugLocal|Any CPU.ActiveCfg = Debug|Any CPU
		{74143502-7860-42C5-B9CB-9D0CEDDC41D2}.DebugLocal|Any CPU.Build.0 = Debug|Any CPU
		{74143502-7860-42C5-B9CB-9D0CEDDC41D2}.DebugLocal|Mixed Platforms.ActiveCfg = Debug|Any CPU
		{74143502-7860-42C5-B9CB-9D0CEDDC41D2}.DebugLocal|Mixed Platforms.Build.0 = Debug|Any CPU
		{74143502-7860-42C5-B9CB-9D0CEDDC41D2}.DebugLocal|x86.ActiveCfg = Debug|Any CPU
		{74143502-7860-42C5-B9CB-9D0CEDDC41D2}.DebugLocal|x86.Build.0 = Debug|Any CPU
		{74143502-7860-42C5-B9CB-9D0CEDDC41D2}.Release|Any CPU.ActiveCfg = Release|Any CPU
		{74143502-7860-42C5-B9CB-9D0CEDDC41D2}.Release|Any CPU.Build.0 = Release|Any CPU
		{74143502-7860-42C5-B9CB-9D0CEDDC41D2}.Release|Mixed Platforms.ActiveCfg = Release|Any CPU
		{74143502-7860-42C5-B9CB-9D0CEDDC41D2}.Release|Mixed Platforms.Build.0 = Release|Any CPU
		{74143502-7860-42C5-B9CB-9D0CEDDC41D2}.Release|x86.ActiveCfg = Release|Any CPU
		{74143502-7860-42C5-B9CB-9D0CEDDC41D2}.Release|x86.Build.0 = Release|Any CPU
		{E735FF25-2F78-4EA5-BB6C-9AB69078B10F}.Debug|Any CPU.ActiveCfg = Debug|Any CPU
		{E735FF25-2F78-4EA5-BB6C-9AB69078B10F}.Debug|Any CPU.Build.0 = Debug|Any CPU
		{E735FF25-2F78-4EA5-BB6C-9AB69078B10F}.Debug|Mixed Platforms.ActiveCfg = Debug|Any CPU
		{E735FF25-2F78-4EA5-BB6C-9AB69078B10F}.Debug|Mixed Platforms.Build.0 = Debug|Any CPU
		{E735FF25-2F78-4EA5-BB6C-9AB69078B10F}.Debug|x86.ActiveCfg = Debug|Any CPU
		{E735FF25-2F78-4EA5-BB6C-9AB69078B10F}.Debug|x86.Build.0 = Debug|Any CPU
		{E735FF25-2F78-4EA5-BB6C-9AB69078B10F}.DebugLocal|Any CPU.ActiveCfg = Debug|Any CPU
		{E735FF25-2F78-4EA5-BB6C-9AB69078B10F}.DebugLocal|Any CPU.Build.0 = Debug|Any CPU
		{E735FF25-2F78-4EA5-BB6C-9AB69078B10F}.DebugLocal|Mixed Platforms.ActiveCfg = Debug|Any CPU
		{E735FF25-2F78-4EA5-BB6C-9AB69078B10F}.DebugLocal|Mixed Platforms.Build.0 = Debug|Any CPU
		{E735FF25-2F78-4EA5-BB6C-9AB69078B10F}.DebugLocal|x86.ActiveCfg = Debug|Any CPU
		{E735FF25-2F78-4EA5-BB6C-9AB69078B10F}.DebugLocal|x86.Build.0 = Debug|Any CPU
		{E735FF25-2F78-4EA5-BB6C-9AB69078B10F}.Release|Any CPU.ActiveCfg = Release|Any CPU
		{E735FF25-2F78-4EA5-BB6C-9AB69078B10F}.Release|Any CPU.Build.0 = Release|Any CPU
		{E735FF25-2F78-4EA5-BB6C-9AB69078B10F}.Release|Mixed Platforms.ActiveCfg = Release|Any CPU
		{E735FF25-2F78-4EA5-BB6C-9AB69078B10F}.Release|Mixed Platforms.Build.0 = Release|Any CPU
		{E735FF25-2F78-4EA5-BB6C-9AB69078B10F}.Release|x86.ActiveCfg = Release|Any CPU
		{E735FF25-2F78-4EA5-BB6C-9AB69078B10F}.Release|x86.Build.0 = Release|Any CPU
		{199411AA-992F-48AB-B8A3-E1E5506F72F5}.Debug|Any CPU.ActiveCfg = Debug|Any CPU
		{199411AA-992F-48AB-B8A3-E1E5506F72F5}.Debug|Any CPU.Build.0 = Debug|Any CPU
		{199411AA-992F-48AB-B8A3-E1E5506F72F5}.Debug|Mixed Platforms.ActiveCfg = Debug|Any CPU
		{199411AA-992F-48AB-B8A3-E1E5506F72F5}.Debug|Mixed Platforms.Build.0 = Debug|Any CPU
		{199411AA-992F-48AB-B8A3-E1E5506F72F5}.Debug|x86.ActiveCfg = Debug|Any CPU
		{199411AA-992F-48AB-B8A3-E1E5506F72F5}.Debug|x86.Build.0 = Debug|Any CPU
		{199411AA-992F-48AB-B8A3-E1E5506F72F5}.DebugLocal|Any CPU.ActiveCfg = Debug|Any CPU
		{199411AA-992F-48AB-B8A3-E1E5506F72F5}.DebugLocal|Any CPU.Build.0 = Debug|Any CPU
		{199411AA-992F-48AB-B8A3-E1E5506F72F5}.DebugLocal|Mixed Platforms.ActiveCfg = Debug|Any CPU
		{199411AA-992F-48AB-B8A3-E1E5506F72F5}.DebugLocal|Mixed Platforms.Build.0 = Debug|Any CPU
		{199411AA-992F-48AB-B8A3-E1E5506F72F5}.DebugLocal|x86.ActiveCfg = Debug|Any CPU
		{199411AA-992F-48AB-B8A3-E1E5506F72F5}.DebugLocal|x86.Build.0 = Debug|Any CPU
		{199411AA-992F-48AB-B8A3-E1E5506F72F5}.Release|Any CPU.ActiveCfg = Release|Any CPU
		{199411AA-992F-48AB-B8A3-E1E5506F72F5}.Release|Any CPU.Build.0 = Release|Any CPU
		{199411AA-992F-48AB-B8A3-E1E5506F72F5}.Release|Mixed Platforms.ActiveCfg = Release|Any CPU
		{199411AA-992F-48AB-B8A3-E1E5506F72F5}.Release|Mixed Platforms.Build.0 = Release|Any CPU
		{199411AA-992F-48AB-B8A3-E1E5506F72F5}.Release|x86.ActiveCfg = Release|Any CPU
		{199411AA-992F-48AB-B8A3-E1E5506F72F5}.Release|x86.Build.0 = Release|Any CPU
		{9D984C1F-1486-4718-9D52-0A36B1C06DB3}.Debug|Any CPU.ActiveCfg = Debug|Any CPU
		{9D984C1F-1486-4718-9D52-0A36B1C06DB3}.Debug|Any CPU.Build.0 = Debug|Any CPU
		{9D984C1F-1486-4718-9D52-0A36B1C06DB3}.Debug|Mixed Platforms.ActiveCfg = Debug|Any CPU
		{9D984C1F-1486-4718-9D52-0A36B1C06DB3}.Debug|Mixed Platforms.Build.0 = Debug|Any CPU
		{9D984C1F-1486-4718-9D52-0A36B1C06DB3}.Debug|x86.ActiveCfg = Debug|Any CPU
		{9D984C1F-1486-4718-9D52-0A36B1C06DB3}.Debug|x86.Build.0 = Debug|Any CPU
		{9D984C1F-1486-4718-9D52-0A36B1C06DB3}.DebugLocal|Any CPU.ActiveCfg = Debug|Any CPU
		{9D984C1F-1486-4718-9D52-0A36B1C06DB3}.DebugLocal|Any CPU.Build.0 = Debug|Any CPU
		{9D984C1F-1486-4718-9D52-0A36B1C06DB3}.DebugLocal|Mixed Platforms.ActiveCfg = Debug|Any CPU
		{9D984C1F-1486-4718-9D52-0A36B1C06DB3}.DebugLocal|Mixed Platforms.Build.0 = Debug|Any CPU
		{9D984C1F-1486-4718-9D52-0A36B1C06DB3}.DebugLocal|x86.ActiveCfg = Debug|Any CPU
		{9D984C1F-1486-4718-9D52-0A36B1C06DB3}.DebugLocal|x86.Build.0 = Debug|Any CPU
		{9D984C1F-1486-4718-9D52-0A36B1C06DB3}.Release|Any CPU.ActiveCfg = Release|Any CPU
		{9D984C1F-1486-4718-9D52-0A36B1C06DB3}.Release|Any CPU.Build.0 = Release|Any CPU
		{9D984C1F-1486-4718-9D52-0A36B1C06DB3}.Release|Mixed Platforms.ActiveCfg = Release|Any CPU
		{9D984C1F-1486-4718-9D52-0A36B1C06DB3}.Release|Mixed Platforms.Build.0 = Release|Any CPU
		{9D984C1F-1486-4718-9D52-0A36B1C06DB3}.Release|x86.ActiveCfg = Release|Any CPU
		{9D984C1F-1486-4718-9D52-0A36B1C06DB3}.Release|x86.Build.0 = Release|Any CPU
		{1F629078-CE41-48E5-8160-C13D46121252}.Debug|Any CPU.ActiveCfg = Debug|Any CPU
		{1F629078-CE41-48E5-8160-C13D46121252}.Debug|Any CPU.Build.0 = Debug|Any CPU
		{1F629078-CE41-48E5-8160-C13D46121252}.Debug|Mixed Platforms.ActiveCfg = Debug|Any CPU
		{1F629078-CE41-48E5-8160-C13D46121252}.Debug|Mixed Platforms.Build.0 = Debug|Any CPU
		{1F629078-CE41-48E5-8160-C13D46121252}.Debug|x86.ActiveCfg = Debug|Any CPU
		{1F629078-CE41-48E5-8160-C13D46121252}.Debug|x86.Build.0 = Debug|Any CPU
		{1F629078-CE41-48E5-8160-C13D46121252}.DebugLocal|Any CPU.ActiveCfg = Debug|Any CPU
		{1F629078-CE41-48E5-8160-C13D46121252}.DebugLocal|Any CPU.Build.0 = Debug|Any CPU
		{1F629078-CE41-48E5-8160-C13D46121252}.DebugLocal|Mixed Platforms.ActiveCfg = Debug|Any CPU
		{1F629078-CE41-48E5-8160-C13D46121252}.DebugLocal|Mixed Platforms.Build.0 = Debug|Any CPU
		{1F629078-CE41-48E5-8160-C13D46121252}.DebugLocal|x86.ActiveCfg = Debug|Any CPU
		{1F629078-CE41-48E5-8160-C13D46121252}.DebugLocal|x86.Build.0 = Debug|Any CPU
		{1F629078-CE41-48E5-8160-C13D46121252}.Release|Any CPU.ActiveCfg = Release|Any CPU
		{1F629078-CE41-48E5-8160-C13D46121252}.Release|Any CPU.Build.0 = Release|Any CPU
		{1F629078-CE41-48E5-8160-C13D46121252}.Release|Mixed Platforms.ActiveCfg = Release|Any CPU
		{1F629078-CE41-48E5-8160-C13D46121252}.Release|Mixed Platforms.Build.0 = Release|Any CPU
		{1F629078-CE41-48E5-8160-C13D46121252}.Release|x86.ActiveCfg = Release|Any CPU
		{1F629078-CE41-48E5-8160-C13D46121252}.Release|x86.Build.0 = Release|Any CPU
		{2100EE7E-02A9-4912-A8A8-A482B4E8C55B}.Debug|Any CPU.ActiveCfg = Debug|Any CPU
		{2100EE7E-02A9-4912-A8A8-A482B4E8C55B}.Debug|Any CPU.Build.0 = Debug|Any CPU
		{2100EE7E-02A9-4912-A8A8-A482B4E8C55B}.Debug|Mixed Platforms.ActiveCfg = Debug|Any CPU
		{2100EE7E-02A9-4912-A8A8-A482B4E8C55B}.Debug|Mixed Platforms.Build.0 = Debug|Any CPU
		{2100EE7E-02A9-4912-A8A8-A482B4E8C55B}.Debug|x86.ActiveCfg = Debug|Any CPU
		{2100EE7E-02A9-4912-A8A8-A482B4E8C55B}.Debug|x86.Build.0 = Debug|Any CPU
		{2100EE7E-02A9-4912-A8A8-A482B4E8C55B}.DebugLocal|Any CPU.ActiveCfg = Debug|Any CPU
		{2100EE7E-02A9-4912-A8A8-A482B4E8C55B}.DebugLocal|Any CPU.Build.0 = Debug|Any CPU
		{2100EE7E-02A9-4912-A8A8-A482B4E8C55B}.DebugLocal|Mixed Platforms.ActiveCfg = Debug|Any CPU
		{2100EE7E-02A9-4912-A8A8-A482B4E8C55B}.DebugLocal|Mixed Platforms.Build.0 = Debug|Any CPU
		{2100EE7E-02A9-4912-A8A8-A482B4E8C55B}.DebugLocal|x86.ActiveCfg = Debug|Any CPU
		{2100EE7E-02A9-4912-A8A8-A482B4E8C55B}.DebugLocal|x86.Build.0 = Debug|Any CPU
		{2100EE7E-02A9-4912-A8A8-A482B4E8C55B}.Release|Any CPU.ActiveCfg = Release|Any CPU
		{2100EE7E-02A9-4912-A8A8-A482B4E8C55B}.Release|Any CPU.Build.0 = Release|Any CPU
		{2100EE7E-02A9-4912-A8A8-A482B4E8C55B}.Release|Mixed Platforms.ActiveCfg = Release|Any CPU
		{2100EE7E-02A9-4912-A8A8-A482B4E8C55B}.Release|Mixed Platforms.Build.0 = Release|Any CPU
		{2100EE7E-02A9-4912-A8A8-A482B4E8C55B}.Release|x86.ActiveCfg = Release|Any CPU
		{2100EE7E-02A9-4912-A8A8-A482B4E8C55B}.Release|x86.Build.0 = Release|Any CPU
		{93206D9F-C517-46E9-AFBA-34190DDDE488}.Debug|Any CPU.ActiveCfg = Debug|Any CPU
		{93206D9F-C517-46E9-AFBA-34190DDDE488}.Debug|Any CPU.Build.0 = Debug|Any CPU
		{93206D9F-C517-46E9-AFBA-34190DDDE488}.Debug|Mixed Platforms.ActiveCfg = Debug|Any CPU
		{93206D9F-C517-46E9-AFBA-34190DDDE488}.Debug|Mixed Platforms.Build.0 = Debug|Any CPU
		{93206D9F-C517-46E9-AFBA-34190DDDE488}.Debug|x86.ActiveCfg = Debug|Any CPU
		{93206D9F-C517-46E9-AFBA-34190DDDE488}.Debug|x86.Build.0 = Debug|Any CPU
		{93206D9F-C517-46E9-AFBA-34190DDDE488}.DebugLocal|Any CPU.ActiveCfg = Debug|Any CPU
		{93206D9F-C517-46E9-AFBA-34190DDDE488}.DebugLocal|Any CPU.Build.0 = Debug|Any CPU
		{93206D9F-C517-46E9-AFBA-34190DDDE488}.DebugLocal|Mixed Platforms.ActiveCfg = Debug|Any CPU
		{93206D9F-C517-46E9-AFBA-34190DDDE488}.DebugLocal|Mixed Platforms.Build.0 = Debug|Any CPU
		{93206D9F-C517-46E9-AFBA-34190DDDE488}.DebugLocal|x86.ActiveCfg = Debug|Any CPU
		{93206D9F-C517-46E9-AFBA-34190DDDE488}.DebugLocal|x86.Build.0 = Debug|Any CPU
		{93206D9F-C517-46E9-AFBA-34190DDDE488}.Release|Any CPU.ActiveCfg = Release|Any CPU
		{93206D9F-C517-46E9-AFBA-34190DDDE488}.Release|Any CPU.Build.0 = Release|Any CPU
		{93206D9F-C517-46E9-AFBA-34190DDDE488}.Release|Mixed Platforms.ActiveCfg = Release|Any CPU
		{93206D9F-C517-46E9-AFBA-34190DDDE488}.Release|Mixed Platforms.Build.0 = Release|Any CPU
		{93206D9F-C517-46E9-AFBA-34190DDDE488}.Release|x86.ActiveCfg = Release|Any CPU
		{93206D9F-C517-46E9-AFBA-34190DDDE488}.Release|x86.Build.0 = Release|Any CPU
		{A8165E22-777E-4B60-81CB-AF6FEF1696E6}.Debug|Any CPU.ActiveCfg = Debug|Any CPU
		{A8165E22-777E-4B60-81CB-AF6FEF1696E6}.Debug|Any CPU.Build.0 = Debug|Any CPU
		{A8165E22-777E-4B60-81CB-AF6FEF1696E6}.Debug|Mixed Platforms.ActiveCfg = Debug|Any CPU
		{A8165E22-777E-4B60-81CB-AF6FEF1696E6}.Debug|Mixed Platforms.Build.0 = Debug|Any CPU
		{A8165E22-777E-4B60-81CB-AF6FEF1696E6}.Debug|x86.ActiveCfg = Debug|Any CPU
		{A8165E22-777E-4B60-81CB-AF6FEF1696E6}.Debug|x86.Build.0 = Debug|Any CPU
		{A8165E22-777E-4B60-81CB-AF6FEF1696E6}.DebugLocal|Any CPU.ActiveCfg = Debug|Any CPU
		{A8165E22-777E-4B60-81CB-AF6FEF1696E6}.DebugLocal|Any CPU.Build.0 = Debug|Any CPU
		{A8165E22-777E-4B60-81CB-AF6FEF1696E6}.DebugLocal|Mixed Platforms.ActiveCfg = Debug|Any CPU
		{A8165E22-777E-4B60-81CB-AF6FEF1696E6}.DebugLocal|Mixed Platforms.Build.0 = Debug|Any CPU
		{A8165E22-777E-4B60-81CB-AF6FEF1696E6}.DebugLocal|x86.ActiveCfg = Debug|Any CPU
		{A8165E22-777E-4B60-81CB-AF6FEF1696E6}.DebugLocal|x86.Build.0 = Debug|Any CPU
		{A8165E22-777E-4B60-81CB-AF6FEF1696E6}.Release|Any CPU.ActiveCfg = Release|Any CPU
		{A8165E22-777E-4B60-81CB-AF6FEF1696E6}.Release|Any CPU.Build.0 = Release|Any CPU
		{A8165E22-777E-4B60-81CB-AF6FEF1696E6}.Release|Mixed Platforms.ActiveCfg = Release|Any CPU
		{A8165E22-777E-4B60-81CB-AF6FEF1696E6}.Release|Mixed Platforms.Build.0 = Release|Any CPU
		{A8165E22-777E-4B60-81CB-AF6FEF1696E6}.Release|x86.ActiveCfg = Release|Any CPU
		{A8165E22-777E-4B60-81CB-AF6FEF1696E6}.Release|x86.Build.0 = Release|Any CPU
		{CF0E37ED-19A1-4F1C-861C-8279FC074E62}.Debug|Any CPU.ActiveCfg = Debug|Any CPU
		{CF0E37ED-19A1-4F1C-861C-8279FC074E62}.Debug|Any CPU.Build.0 = Debug|Any CPU
		{CF0E37ED-19A1-4F1C-861C-8279FC074E62}.Debug|Mixed Platforms.ActiveCfg = Debug|Any CPU
		{CF0E37ED-19A1-4F1C-861C-8279FC074E62}.Debug|Mixed Platforms.Build.0 = Debug|Any CPU
		{CF0E37ED-19A1-4F1C-861C-8279FC074E62}.Debug|x86.ActiveCfg = Debug|Any CPU
		{CF0E37ED-19A1-4F1C-861C-8279FC074E62}.Debug|x86.Build.0 = Debug|Any CPU
		{CF0E37ED-19A1-4F1C-861C-8279FC074E62}.DebugLocal|Any CPU.ActiveCfg = Debug|Any CPU
		{CF0E37ED-19A1-4F1C-861C-8279FC074E62}.DebugLocal|Any CPU.Build.0 = Debug|Any CPU
		{CF0E37ED-19A1-4F1C-861C-8279FC074E62}.DebugLocal|Mixed Platforms.ActiveCfg = Debug|Any CPU
		{CF0E37ED-19A1-4F1C-861C-8279FC074E62}.DebugLocal|Mixed Platforms.Build.0 = Debug|Any CPU
		{CF0E37ED-19A1-4F1C-861C-8279FC074E62}.DebugLocal|x86.ActiveCfg = Debug|Any CPU
		{CF0E37ED-19A1-4F1C-861C-8279FC074E62}.DebugLocal|x86.Build.0 = Debug|Any CPU
		{CF0E37ED-19A1-4F1C-861C-8279FC074E62}.Release|Any CPU.ActiveCfg = Release|Any CPU
		{CF0E37ED-19A1-4F1C-861C-8279FC074E62}.Release|Any CPU.Build.0 = Release|Any CPU
		{CF0E37ED-19A1-4F1C-861C-8279FC074E62}.Release|Mixed Platforms.ActiveCfg = Release|Any CPU
		{CF0E37ED-19A1-4F1C-861C-8279FC074E62}.Release|Mixed Platforms.Build.0 = Release|Any CPU
		{CF0E37ED-19A1-4F1C-861C-8279FC074E62}.Release|x86.ActiveCfg = Release|Any CPU
		{CF0E37ED-19A1-4F1C-861C-8279FC074E62}.Release|x86.Build.0 = Release|Any CPU
		{2E56B43E-1EBD-4DCB-87AD-0DEF1134C12B}.Debug|Any CPU.ActiveCfg = Debug|Any CPU
		{2E56B43E-1EBD-4DCB-87AD-0DEF1134C12B}.Debug|Any CPU.Build.0 = Debug|Any CPU
		{2E56B43E-1EBD-4DCB-87AD-0DEF1134C12B}.Debug|Mixed Platforms.ActiveCfg = Debug|Any CPU
		{2E56B43E-1EBD-4DCB-87AD-0DEF1134C12B}.Debug|Mixed Platforms.Build.0 = Debug|Any CPU
		{2E56B43E-1EBD-4DCB-87AD-0DEF1134C12B}.Debug|x86.ActiveCfg = Debug|Any CPU
		{2E56B43E-1EBD-4DCB-87AD-0DEF1134C12B}.Debug|x86.Build.0 = Debug|Any CPU
		{2E56B43E-1EBD-4DCB-87AD-0DEF1134C12B}.DebugLocal|Any CPU.ActiveCfg = Debug|Any CPU
		{2E56B43E-1EBD-4DCB-87AD-0DEF1134C12B}.DebugLocal|Any CPU.Build.0 = Debug|Any CPU
		{2E56B43E-1EBD-4DCB-87AD-0DEF1134C12B}.DebugLocal|Mixed Platforms.ActiveCfg = Debug|Any CPU
		{2E56B43E-1EBD-4DCB-87AD-0DEF1134C12B}.DebugLocal|Mixed Platforms.Build.0 = Debug|Any CPU
		{2E56B43E-1EBD-4DCB-87AD-0DEF1134C12B}.DebugLocal|x86.ActiveCfg = Debug|Any CPU
		{2E56B43E-1EBD-4DCB-87AD-0DEF1134C12B}.DebugLocal|x86.Build.0 = Debug|Any CPU
		{2E56B43E-1EBD-4DCB-87AD-0DEF1134C12B}.Release|Any CPU.ActiveCfg = Release|Any CPU
		{2E56B43E-1EBD-4DCB-87AD-0DEF1134C12B}.Release|Any CPU.Build.0 = Release|Any CPU
		{2E56B43E-1EBD-4DCB-87AD-0DEF1134C12B}.Release|Mixed Platforms.ActiveCfg = Release|Any CPU
		{2E56B43E-1EBD-4DCB-87AD-0DEF1134C12B}.Release|Mixed Platforms.Build.0 = Release|Any CPU
		{2E56B43E-1EBD-4DCB-87AD-0DEF1134C12B}.Release|x86.ActiveCfg = Release|Any CPU
		{2E56B43E-1EBD-4DCB-87AD-0DEF1134C12B}.Release|x86.Build.0 = Release|Any CPU
		{93FB0C49-DA3C-49F8-B10B-A4DB4BB7C17C}.Debug|Any CPU.ActiveCfg = Debug|Any CPU
		{93FB0C49-DA3C-49F8-B10B-A4DB4BB7C17C}.Debug|Any CPU.Build.0 = Debug|Any CPU
		{93FB0C49-DA3C-49F8-B10B-A4DB4BB7C17C}.Debug|Mixed Platforms.ActiveCfg = Debug|Any CPU
		{93FB0C49-DA3C-49F8-B10B-A4DB4BB7C17C}.Debug|Mixed Platforms.Build.0 = Debug|Any CPU
		{93FB0C49-DA3C-49F8-B10B-A4DB4BB7C17C}.Debug|x86.ActiveCfg = Debug|Any CPU
		{93FB0C49-DA3C-49F8-B10B-A4DB4BB7C17C}.Debug|x86.Build.0 = Debug|Any CPU
		{93FB0C49-DA3C-49F8-B10B-A4DB4BB7C17C}.DebugLocal|Any CPU.ActiveCfg = Debug|Any CPU
		{93FB0C49-DA3C-49F8-B10B-A4DB4BB7C17C}.DebugLocal|Any CPU.Build.0 = Debug|Any CPU
		{93FB0C49-DA3C-49F8-B10B-A4DB4BB7C17C}.DebugLocal|Mixed Platforms.ActiveCfg = Debug|Any CPU
		{93FB0C49-DA3C-49F8-B10B-A4DB4BB7C17C}.DebugLocal|Mixed Platforms.Build.0 = Debug|Any CPU
		{93FB0C49-DA3C-49F8-B10B-A4DB4BB7C17C}.DebugLocal|x86.ActiveCfg = Debug|Any CPU
		{93FB0C49-DA3C-49F8-B10B-A4DB4BB7C17C}.DebugLocal|x86.Build.0 = Debug|Any CPU
		{93FB0C49-DA3C-49F8-B10B-A4DB4BB7C17C}.Release|Any CPU.ActiveCfg = Release|Any CPU
		{93FB0C49-DA3C-49F8-B10B-A4DB4BB7C17C}.Release|Any CPU.Build.0 = Release|Any CPU
		{93FB0C49-DA3C-49F8-B10B-A4DB4BB7C17C}.Release|Mixed Platforms.ActiveCfg = Release|Any CPU
		{93FB0C49-DA3C-49F8-B10B-A4DB4BB7C17C}.Release|Mixed Platforms.Build.0 = Release|Any CPU
		{93FB0C49-DA3C-49F8-B10B-A4DB4BB7C17C}.Release|x86.ActiveCfg = Release|Any CPU
		{93FB0C49-DA3C-49F8-B10B-A4DB4BB7C17C}.Release|x86.Build.0 = Release|Any CPU
		{C5D4A33E-8DB6-4AF3-8406-17AC4241FBB2}.Debug|Any CPU.ActiveCfg = Debug|Any CPU
		{C5D4A33E-8DB6-4AF3-8406-17AC4241FBB2}.Debug|Any CPU.Build.0 = Debug|Any CPU
		{C5D4A33E-8DB6-4AF3-8406-17AC4241FBB2}.Debug|Mixed Platforms.ActiveCfg = Debug|Any CPU
		{C5D4A33E-8DB6-4AF3-8406-17AC4241FBB2}.Debug|Mixed Platforms.Build.0 = Debug|Any CPU
		{C5D4A33E-8DB6-4AF3-8406-17AC4241FBB2}.Debug|x86.ActiveCfg = Debug|Any CPU
		{C5D4A33E-8DB6-4AF3-8406-17AC4241FBB2}.Debug|x86.Build.0 = Debug|Any CPU
		{C5D4A33E-8DB6-4AF3-8406-17AC4241FBB2}.DebugLocal|Any CPU.ActiveCfg = Debug|Any CPU
		{C5D4A33E-8DB6-4AF3-8406-17AC4241FBB2}.DebugLocal|Any CPU.Build.0 = Debug|Any CPU
		{C5D4A33E-8DB6-4AF3-8406-17AC4241FBB2}.DebugLocal|Mixed Platforms.ActiveCfg = Debug|Any CPU
		{C5D4A33E-8DB6-4AF3-8406-17AC4241FBB2}.DebugLocal|Mixed Platforms.Build.0 = Debug|Any CPU
		{C5D4A33E-8DB6-4AF3-8406-17AC4241FBB2}.DebugLocal|x86.ActiveCfg = Debug|Any CPU
		{C5D4A33E-8DB6-4AF3-8406-17AC4241FBB2}.DebugLocal|x86.Build.0 = Debug|Any CPU
		{C5D4A33E-8DB6-4AF3-8406-17AC4241FBB2}.Release|Any CPU.ActiveCfg = Release|Any CPU
		{C5D4A33E-8DB6-4AF3-8406-17AC4241FBB2}.Release|Any CPU.Build.0 = Release|Any CPU
		{C5D4A33E-8DB6-4AF3-8406-17AC4241FBB2}.Release|Mixed Platforms.ActiveCfg = Release|Any CPU
		{C5D4A33E-8DB6-4AF3-8406-17AC4241FBB2}.Release|Mixed Platforms.Build.0 = Release|Any CPU
		{C5D4A33E-8DB6-4AF3-8406-17AC4241FBB2}.Release|x86.ActiveCfg = Release|Any CPU
		{C5D4A33E-8DB6-4AF3-8406-17AC4241FBB2}.Release|x86.Build.0 = Release|Any CPU
		{2541775F-1B34-4E5A-95BB-B8961633114A}.Debug|Any CPU.ActiveCfg = Debug|Any CPU
		{2541775F-1B34-4E5A-95BB-B8961633114A}.Debug|Any CPU.Build.0 = Debug|Any CPU
		{2541775F-1B34-4E5A-95BB-B8961633114A}.Debug|Mixed Platforms.ActiveCfg = Debug|Any CPU
		{2541775F-1B34-4E5A-95BB-B8961633114A}.Debug|Mixed Platforms.Build.0 = Debug|Any CPU
		{2541775F-1B34-4E5A-95BB-B8961633114A}.Debug|x86.ActiveCfg = Debug|Any CPU
		{2541775F-1B34-4E5A-95BB-B8961633114A}.Debug|x86.Build.0 = Debug|Any CPU
		{2541775F-1B34-4E5A-95BB-B8961633114A}.DebugLocal|Any CPU.ActiveCfg = Debug|Any CPU
		{2541775F-1B34-4E5A-95BB-B8961633114A}.DebugLocal|Any CPU.Build.0 = Debug|Any CPU
		{2541775F-1B34-4E5A-95BB-B8961633114A}.DebugLocal|Mixed Platforms.ActiveCfg = Debug|Any CPU
		{2541775F-1B34-4E5A-95BB-B8961633114A}.DebugLocal|Mixed Platforms.Build.0 = Debug|Any CPU
		{2541775F-1B34-4E5A-95BB-B8961633114A}.DebugLocal|x86.ActiveCfg = Debug|Any CPU
		{2541775F-1B34-4E5A-95BB-B8961633114A}.DebugLocal|x86.Build.0 = Debug|Any CPU
		{2541775F-1B34-4E5A-95BB-B8961633114A}.Release|Any CPU.ActiveCfg = Release|Any CPU
		{2541775F-1B34-4E5A-95BB-B8961633114A}.Release|Any CPU.Build.0 = Release|Any CPU
		{2541775F-1B34-4E5A-95BB-B8961633114A}.Release|Mixed Platforms.ActiveCfg = Release|Any CPU
		{2541775F-1B34-4E5A-95BB-B8961633114A}.Release|Mixed Platforms.Build.0 = Release|Any CPU
		{2541775F-1B34-4E5A-95BB-B8961633114A}.Release|x86.ActiveCfg = Release|Any CPU
		{2541775F-1B34-4E5A-95BB-B8961633114A}.Release|x86.Build.0 = Release|Any CPU
		{73680A86-D3B8-4475-B528-FE81D5A87DBB}.Debug|Any CPU.ActiveCfg = Debug|Any CPU
		{73680A86-D3B8-4475-B528-FE81D5A87DBB}.Debug|Any CPU.Build.0 = Debug|Any CPU
		{73680A86-D3B8-4475-B528-FE81D5A87DBB}.Debug|Mixed Platforms.ActiveCfg = Debug|Any CPU
		{73680A86-D3B8-4475-B528-FE81D5A87DBB}.Debug|Mixed Platforms.Build.0 = Debug|Any CPU
		{73680A86-D3B8-4475-B528-FE81D5A87DBB}.Debug|x86.ActiveCfg = Debug|Any CPU
		{73680A86-D3B8-4475-B528-FE81D5A87DBB}.Debug|x86.Build.0 = Debug|Any CPU
		{73680A86-D3B8-4475-B528-FE81D5A87DBB}.DebugLocal|Any CPU.ActiveCfg = Debug|Any CPU
		{73680A86-D3B8-4475-B528-FE81D5A87DBB}.DebugLocal|Any CPU.Build.0 = Debug|Any CPU
		{73680A86-D3B8-4475-B528-FE81D5A87DBB}.DebugLocal|Mixed Platforms.ActiveCfg = Debug|Any CPU
		{73680A86-D3B8-4475-B528-FE81D5A87DBB}.DebugLocal|Mixed Platforms.Build.0 = Debug|Any CPU
		{73680A86-D3B8-4475-B528-FE81D5A87DBB}.DebugLocal|x86.ActiveCfg = Debug|Any CPU
		{73680A86-D3B8-4475-B528-FE81D5A87DBB}.DebugLocal|x86.Build.0 = Debug|Any CPU
		{73680A86-D3B8-4475-B528-FE81D5A87DBB}.Release|Any CPU.ActiveCfg = Release|Any CPU
		{73680A86-D3B8-4475-B528-FE81D5A87DBB}.Release|Any CPU.Build.0 = Release|Any CPU
		{73680A86-D3B8-4475-B528-FE81D5A87DBB}.Release|Mixed Platforms.ActiveCfg = Release|Any CPU
		{73680A86-D3B8-4475-B528-FE81D5A87DBB}.Release|Mixed Platforms.Build.0 = Release|Any CPU
		{73680A86-D3B8-4475-B528-FE81D5A87DBB}.Release|x86.ActiveCfg = Release|Any CPU
		{73680A86-D3B8-4475-B528-FE81D5A87DBB}.Release|x86.Build.0 = Release|Any CPU
		{49E494DC-E001-49AA-A420-A7BB8D852A86}.Debug|Any CPU.ActiveCfg = Debug|Any CPU
		{49E494DC-E001-49AA-A420-A7BB8D852A86}.Debug|Any CPU.Build.0 = Debug|Any CPU
		{49E494DC-E001-49AA-A420-A7BB8D852A86}.Debug|Mixed Platforms.ActiveCfg = Debug|Any CPU
		{49E494DC-E001-49AA-A420-A7BB8D852A86}.Debug|Mixed Platforms.Build.0 = Debug|Any CPU
		{49E494DC-E001-49AA-A420-A7BB8D852A86}.Debug|x86.ActiveCfg = Debug|Any CPU
		{49E494DC-E001-49AA-A420-A7BB8D852A86}.Debug|x86.Build.0 = Debug|Any CPU
		{49E494DC-E001-49AA-A420-A7BB8D852A86}.DebugLocal|Any CPU.ActiveCfg = Debug|Any CPU
		{49E494DC-E001-49AA-A420-A7BB8D852A86}.DebugLocal|Any CPU.Build.0 = Debug|Any CPU
		{49E494DC-E001-49AA-A420-A7BB8D852A86}.DebugLocal|Mixed Platforms.ActiveCfg = Debug|Any CPU
		{49E494DC-E001-49AA-A420-A7BB8D852A86}.DebugLocal|Mixed Platforms.Build.0 = Debug|Any CPU
		{49E494DC-E001-49AA-A420-A7BB8D852A86}.DebugLocal|x86.ActiveCfg = Debug|Any CPU
		{49E494DC-E001-49AA-A420-A7BB8D852A86}.DebugLocal|x86.Build.0 = Debug|Any CPU
		{49E494DC-E001-49AA-A420-A7BB8D852A86}.Release|Any CPU.ActiveCfg = Release|Any CPU
		{49E494DC-E001-49AA-A420-A7BB8D852A86}.Release|Any CPU.Build.0 = Release|Any CPU
		{49E494DC-E001-49AA-A420-A7BB8D852A86}.Release|Mixed Platforms.ActiveCfg = Release|Any CPU
		{49E494DC-E001-49AA-A420-A7BB8D852A86}.Release|Mixed Platforms.Build.0 = Release|Any CPU
		{49E494DC-E001-49AA-A420-A7BB8D852A86}.Release|x86.ActiveCfg = Release|Any CPU
		{49E494DC-E001-49AA-A420-A7BB8D852A86}.Release|x86.Build.0 = Release|Any CPU
		{0190B7C6-9EB8-4EF8-8973-FE766CD800C7}.Debug|Any CPU.ActiveCfg = Debug|Any CPU
		{0190B7C6-9EB8-4EF8-8973-FE766CD800C7}.Debug|Any CPU.Build.0 = Debug|Any CPU
		{0190B7C6-9EB8-4EF8-8973-FE766CD800C7}.Debug|Mixed Platforms.ActiveCfg = Debug|Any CPU
		{0190B7C6-9EB8-4EF8-8973-FE766CD800C7}.Debug|Mixed Platforms.Build.0 = Debug|Any CPU
		{0190B7C6-9EB8-4EF8-8973-FE766CD800C7}.Debug|x86.ActiveCfg = Debug|Any CPU
		{0190B7C6-9EB8-4EF8-8973-FE766CD800C7}.Debug|x86.Build.0 = Debug|Any CPU
		{0190B7C6-9EB8-4EF8-8973-FE766CD800C7}.DebugLocal|Any CPU.ActiveCfg = Debug|Any CPU
		{0190B7C6-9EB8-4EF8-8973-FE766CD800C7}.DebugLocal|Any CPU.Build.0 = Debug|Any CPU
		{0190B7C6-9EB8-4EF8-8973-FE766CD800C7}.DebugLocal|Mixed Platforms.ActiveCfg = Debug|Any CPU
		{0190B7C6-9EB8-4EF8-8973-FE766CD800C7}.DebugLocal|Mixed Platforms.Build.0 = Debug|Any CPU
		{0190B7C6-9EB8-4EF8-8973-FE766CD800C7}.DebugLocal|x86.ActiveCfg = Debug|Any CPU
		{0190B7C6-9EB8-4EF8-8973-FE766CD800C7}.DebugLocal|x86.Build.0 = Debug|Any CPU
		{0190B7C6-9EB8-4EF8-8973-FE766CD800C7}.Release|Any CPU.ActiveCfg = Release|Any CPU
		{0190B7C6-9EB8-4EF8-8973-FE766CD800C7}.Release|Any CPU.Build.0 = Release|Any CPU
		{0190B7C6-9EB8-4EF8-8973-FE766CD800C7}.Release|Mixed Platforms.ActiveCfg = Release|Any CPU
		{0190B7C6-9EB8-4EF8-8973-FE766CD800C7}.Release|Mixed Platforms.Build.0 = Release|Any CPU
		{0190B7C6-9EB8-4EF8-8973-FE766CD800C7}.Release|x86.ActiveCfg = Release|Any CPU
		{0190B7C6-9EB8-4EF8-8973-FE766CD800C7}.Release|x86.Build.0 = Release|Any CPU
		{40106EBF-BF23-427D-B3AD-9D32EBF54FDF}.Debug|Any CPU.ActiveCfg = Debug|Any CPU
		{40106EBF-BF23-427D-B3AD-9D32EBF54FDF}.Debug|Any CPU.Build.0 = Debug|Any CPU
		{40106EBF-BF23-427D-B3AD-9D32EBF54FDF}.Debug|Any CPU.Deploy.0 = Debug|Any CPU
		{40106EBF-BF23-427D-B3AD-9D32EBF54FDF}.Debug|Mixed Platforms.ActiveCfg = Debug|Any CPU
		{40106EBF-BF23-427D-B3AD-9D32EBF54FDF}.Debug|Mixed Platforms.Build.0 = Debug|Any CPU
		{40106EBF-BF23-427D-B3AD-9D32EBF54FDF}.Debug|Mixed Platforms.Deploy.0 = Debug|Any CPU
		{40106EBF-BF23-427D-B3AD-9D32EBF54FDF}.Debug|x86.ActiveCfg = Debug|Any CPU
		{40106EBF-BF23-427D-B3AD-9D32EBF54FDF}.Debug|x86.Build.0 = Debug|Any CPU
		{40106EBF-BF23-427D-B3AD-9D32EBF54FDF}.Debug|x86.Deploy.0 = Debug|Any CPU
		{40106EBF-BF23-427D-B3AD-9D32EBF54FDF}.DebugLocal|Any CPU.ActiveCfg = Debug|Any CPU
		{40106EBF-BF23-427D-B3AD-9D32EBF54FDF}.DebugLocal|Any CPU.Build.0 = Debug|Any CPU
		{40106EBF-BF23-427D-B3AD-9D32EBF54FDF}.DebugLocal|Any CPU.Deploy.0 = Debug|Any CPU
		{40106EBF-BF23-427D-B3AD-9D32EBF54FDF}.DebugLocal|Mixed Platforms.ActiveCfg = Debug|Any CPU
		{40106EBF-BF23-427D-B3AD-9D32EBF54FDF}.DebugLocal|Mixed Platforms.Build.0 = Debug|Any CPU
		{40106EBF-BF23-427D-B3AD-9D32EBF54FDF}.DebugLocal|Mixed Platforms.Deploy.0 = Debug|Any CPU
		{40106EBF-BF23-427D-B3AD-9D32EBF54FDF}.DebugLocal|x86.ActiveCfg = Debug|Any CPU
		{40106EBF-BF23-427D-B3AD-9D32EBF54FDF}.DebugLocal|x86.Build.0 = Debug|Any CPU
		{40106EBF-BF23-427D-B3AD-9D32EBF54FDF}.DebugLocal|x86.Deploy.0 = Debug|Any CPU
		{40106EBF-BF23-427D-B3AD-9D32EBF54FDF}.Release|Any CPU.ActiveCfg = Release|Any CPU
		{40106EBF-BF23-427D-B3AD-9D32EBF54FDF}.Release|Any CPU.Build.0 = Release|Any CPU
		{40106EBF-BF23-427D-B3AD-9D32EBF54FDF}.Release|Any CPU.Deploy.0 = Release|Any CPU
		{40106EBF-BF23-427D-B3AD-9D32EBF54FDF}.Release|Mixed Platforms.ActiveCfg = Release|Any CPU
		{40106EBF-BF23-427D-B3AD-9D32EBF54FDF}.Release|Mixed Platforms.Build.0 = Release|Any CPU
		{40106EBF-BF23-427D-B3AD-9D32EBF54FDF}.Release|Mixed Platforms.Deploy.0 = Release|Any CPU
		{40106EBF-BF23-427D-B3AD-9D32EBF54FDF}.Release|x86.ActiveCfg = Release|Any CPU
		{40106EBF-BF23-427D-B3AD-9D32EBF54FDF}.Release|x86.Build.0 = Release|Any CPU
		{40106EBF-BF23-427D-B3AD-9D32EBF54FDF}.Release|x86.Deploy.0 = Release|Any CPU
		{EC7CD13B-7F25-4F71-9C22-E3AB8BD9AAFD}.Debug|Any CPU.ActiveCfg = Debug|Any CPU
		{EC7CD13B-7F25-4F71-9C22-E3AB8BD9AAFD}.Debug|Any CPU.Build.0 = Debug|Any CPU
		{EC7CD13B-7F25-4F71-9C22-E3AB8BD9AAFD}.Debug|Mixed Platforms.ActiveCfg = Debug|Any CPU
		{EC7CD13B-7F25-4F71-9C22-E3AB8BD9AAFD}.Debug|Mixed Platforms.Build.0 = Debug|Any CPU
		{EC7CD13B-7F25-4F71-9C22-E3AB8BD9AAFD}.Debug|x86.ActiveCfg = Debug|Any CPU
		{EC7CD13B-7F25-4F71-9C22-E3AB8BD9AAFD}.Debug|x86.Build.0 = Debug|Any CPU
		{EC7CD13B-7F25-4F71-9C22-E3AB8BD9AAFD}.DebugLocal|Any CPU.ActiveCfg = Debug|Any CPU
		{EC7CD13B-7F25-4F71-9C22-E3AB8BD9AAFD}.DebugLocal|Any CPU.Build.0 = Debug|Any CPU
		{EC7CD13B-7F25-4F71-9C22-E3AB8BD9AAFD}.DebugLocal|Mixed Platforms.ActiveCfg = Debug|Any CPU
		{EC7CD13B-7F25-4F71-9C22-E3AB8BD9AAFD}.DebugLocal|Mixed Platforms.Build.0 = Debug|Any CPU
		{EC7CD13B-7F25-4F71-9C22-E3AB8BD9AAFD}.DebugLocal|x86.ActiveCfg = Debug|Any CPU
		{EC7CD13B-7F25-4F71-9C22-E3AB8BD9AAFD}.DebugLocal|x86.Build.0 = Debug|Any CPU
		{EC7CD13B-7F25-4F71-9C22-E3AB8BD9AAFD}.Release|Any CPU.ActiveCfg = Release|Any CPU
		{EC7CD13B-7F25-4F71-9C22-E3AB8BD9AAFD}.Release|Any CPU.Build.0 = Release|Any CPU
		{EC7CD13B-7F25-4F71-9C22-E3AB8BD9AAFD}.Release|Mixed Platforms.ActiveCfg = Release|Any CPU
		{EC7CD13B-7F25-4F71-9C22-E3AB8BD9AAFD}.Release|Mixed Platforms.Build.0 = Release|Any CPU
		{EC7CD13B-7F25-4F71-9C22-E3AB8BD9AAFD}.Release|x86.ActiveCfg = Release|Any CPU
		{EC7CD13B-7F25-4F71-9C22-E3AB8BD9AAFD}.Release|x86.Build.0 = Release|Any CPU
	EndGlobalSection
	GlobalSection(SolutionProperties) = preSolution
		HideSolutionNode = FALSE
	EndGlobalSection
	GlobalSection(NestedProjects) = preSolution
		{5643589D-8D46-4717-AE66-994173F3D671} = {8F7F395A-6152-4F7A-8DC4-4610A9E38EC8}
		{8C414EA1-5AB4-43BA-BB01-88CE7DE25FC6} = {98AAE6EB-76D9-4D84-B74B-1981D5D597C3}
		{B2A85677-E1D8-4919-A5C6-1B8BB59C819A} = {98AAE6EB-76D9-4D84-B74B-1981D5D597C3}
		{F3999755-90B5-46E7-A5FD-3D671D20DB93} = {98AAE6EB-76D9-4D84-B74B-1981D5D597C3}
		{87098990-87F5-4DA1-B9C7-055FE93A8756} = {98AAE6EB-76D9-4D84-B74B-1981D5D597C3}
		{53EFAF7A-78E1-4D04-B2FC-5C272B2D9D90} = {98AAE6EB-76D9-4D84-B74B-1981D5D597C3}
		{A0CDFF29-B883-478A-B8C5-698F9771529F} = {5A41FA6C-648C-488C-BC31-FB580931C88B}
		{74143502-7860-42C5-B9CB-9D0CEDDC41D2} = {8F7F395A-6152-4F7A-8DC4-4610A9E38EC8}
		{E735FF25-2F78-4EA5-BB6C-9AB69078B10F} = {8F7F395A-6152-4F7A-8DC4-4610A9E38EC8}
		{199411AA-992F-48AB-B8A3-E1E5506F72F5} = {5A41FA6C-648C-488C-BC31-FB580931C88B}
		{E2CC0600-0A5D-45F0-9FCD-DD16818965A1} = {B9191F04-16D8-43DB-9E74-427EEB7D8698}
		{98AAE6EB-76D9-4D84-B74B-1981D5D597C3} = {B9191F04-16D8-43DB-9E74-427EEB7D8698}
		{9D984C1F-1486-4718-9D52-0A36B1C06DB3} = {8F7F395A-6152-4F7A-8DC4-4610A9E38EC8}
		{1F629078-CE41-48E5-8160-C13D46121252} = {8F7F395A-6152-4F7A-8DC4-4610A9E38EC8}
		{2100EE7E-02A9-4912-A8A8-A482B4E8C55B} = {8F7F395A-6152-4F7A-8DC4-4610A9E38EC8}
		{93206D9F-C517-46E9-AFBA-34190DDDE488} = {8F7F395A-6152-4F7A-8DC4-4610A9E38EC8}
		{A8165E22-777E-4B60-81CB-AF6FEF1696E6} = {5A41FA6C-648C-488C-BC31-FB580931C88B}
		{CF0E37ED-19A1-4F1C-861C-8279FC074E62} = {8F7F395A-6152-4F7A-8DC4-4610A9E38EC8}
		{2E56B43E-1EBD-4DCB-87AD-0DEF1134C12B} = {8F7F395A-6152-4F7A-8DC4-4610A9E38EC8}
		{93FB0C49-DA3C-49F8-B10B-A4DB4BB7C17C} = {8F7F395A-6152-4F7A-8DC4-4610A9E38EC8}
		{C5D4A33E-8DB6-4AF3-8406-17AC4241FBB2} = {8F7F395A-6152-4F7A-8DC4-4610A9E38EC8}
		{2541775F-1B34-4E5A-95BB-B8961633114A} = {8F7F395A-6152-4F7A-8DC4-4610A9E38EC8}
		{73680A86-D3B8-4475-B528-FE81D5A87DBB} = {8F7F395A-6152-4F7A-8DC4-4610A9E38EC8}
		{49E494DC-E001-49AA-A420-A7BB8D852A86} = {8F7F395A-6152-4F7A-8DC4-4610A9E38EC8}
		{0190B7C6-9EB8-4EF8-8973-FE766CD800C7} = {8F7F395A-6152-4F7A-8DC4-4610A9E38EC8}
		{40106EBF-BF23-427D-B3AD-9D32EBF54FDF} = {8F7F395A-6152-4F7A-8DC4-4610A9E38EC8}
		{EC7CD13B-7F25-4F71-9C22-E3AB8BD9AAFD} = {8F7F395A-6152-4F7A-8DC4-4610A9E38EC8}
		{5A41FA6C-648C-488C-BC31-FB580931C88B} = {E2CC0600-0A5D-45F0-9FCD-DD16818965A1}
		{8F7F395A-6152-4F7A-8DC4-4610A9E38EC8} = {E2CC0600-0A5D-45F0-9FCD-DD16818965A1}
	EndGlobalSection
	GlobalSection(ExtensibilityGlobals) = postSolution
		SolutionGuid = {8836AFFF-81BC-4FD9-91A1-C78F367E7813}
		EnterpriseLibraryConfigurationToolBinariesPath = C:\Program Files (x86)\Microsoft Enterprise Library 5.0\Bin
	EndGlobalSection
	GlobalSection(TestCaseManagementSettings) = postSolution
		CategoryFile = Simple Application Framework.vsmdi
	EndGlobalSection
EndGlobal
