
Microsoft Visual Studio Solution File, Format Version 12.00
# Visual Studio 15
VisualStudioVersion = 15.0.27130.2010
MinimumVisualStudioVersion = 10.0.40219.1
Project("{FAE04EC0-301F-11D3-BF4B-00C04F79EFBC}") = "SAF.Core", "SAF.Core\SAF.Core.csproj", "{CC6AA902-7C36-4F19-8C16-81B2FC4E38B9}"
EndProject
Project("{FAE04EC0-301F-11D3-BF4B-00C04F79EFBC}") = "SAF.Data", "SAF.Data\SAF.Data.csproj", "{746FAE9A-6FE4-4253-BEA3-B56AE1909B76}"
EndProject
Project("{FAE04EC0-301F-11D3-BF4B-00C04F79EFBC}") = "SAF.Data.Tests", "SAF.Data.Tests\SAF.Data.Tests.csproj", "{6738DFC0-A112-438B-B5D7-33732DCAD6D7}"
EndProject
Project("{2150E333-8FDC-42A3-9474-1A3956D46DE8}") = "Solution Items", "Solution Items", "{1D49E474-547C-45FE-B0D6-DE51287A93D5}"
	ProjectSection(SolutionItems) = preProject
		Startitecture.Orm.vsmdi = Startitecture.Orm.vsmdi
	EndProjectSection
EndProject
Project("{FAE04EC0-301F-11D3-BF4B-00C04F79EFBC}") = "SAF.Core.Tests", "SAF.Core.Tests\SAF.Core.Tests.csproj", "{70ABC461-D809-443F-AD98-32EADAAD60E4}"
EndProject
Project("{2150E333-8FDC-42A3-9474-1A3956D46DE8}") = "Tests", "Tests", "{6BD71D9F-938D-4A32-8A5C-1ECCC5B5DCA8}"
EndProject
Project("{2150E333-8FDC-42A3-9474-1A3956D46DE8}") = "Solution Code Analysis", "Solution Code Analysis", "{9E90DA71-5C8D-4AC9-9BB4-F29B4E3A64A0}"
	ProjectSection(SolutionItems) = preProject
		Solution Code Analysis\CustomDictionary.xml = Solution Code Analysis\CustomDictionary.xml
	EndProjectSection
EndProject
Project("{FAE04EC0-301F-11D3-BF4B-00C04F79EFBC}") = "SAF.Data.Providers", "SAF.Data.Providers\SAF.Data.Providers.csproj", "{427F22DA-51D4-4DBA-B1EC-108C0B4F1899}"
EndProject
Project("{FAE04EC0-301F-11D3-BF4B-00C04F79EFBC}") = "SAF.StringResources", "SAF.StringResources\SAF.StringResources.csproj", "{9D9DC978-66F4-4234-98BA-B55CE579D3BA}"
EndProject
Project("{FAE04EC0-301F-11D3-BF4B-00C04F79EFBC}") = "SAF.Data.Providers.Tests", "SAF.Data.Providers.Tests\SAF.Data.Providers.Tests.csproj", "{505C0B1B-18CF-4D2F-900F-C4C128AE4C7A}"
EndProject
Project("{FAE04EC0-301F-11D3-BF4B-00C04F79EFBC}") = "SAF.Testing.Common", "SAF.Testing.Common\SAF.Testing.Common.csproj", "{C501EA54-FC90-4C6E-A01B-14255BD5CBDC}"
EndProject
Project("{2150E333-8FDC-42A3-9474-1A3956D46DE8}") = "BuildUtilities", "BuildUtilities", "{738BD095-1E36-47AA-822B-1D085BD3247A}"
	ProjectSection(SolutionItems) = preProject
		BuildUtilities\UpdateVersionNumber.ps1 = BuildUtilities\UpdateVersionNumber.ps1
	EndProjectSection
EndProject
Project("{FAE04EC0-301F-11D3-BF4B-00C04F79EFBC}") = "SAF.Mock", "SAF.Mock\SAF.Mock.csproj", "{1F4DF620-B163-4EAC-9D7E-9351E08A6A27}"
EndProject
Project("{2150E333-8FDC-42A3-9474-1A3956D46DE8}") = "Certificates", "Certificates", "{49232085-0E64-41CA-AA00-8840D2219579}"
	ProjectSection(SolutionItems) = preProject
		Certificates\Startitecture.Orm.snk = Certificates\Startitecture.Orm.snk
	EndProjectSection
EndProject
Project("{FAE04EC0-301F-11D3-BF4B-00C04F79EFBC}") = "Startitecture.Orm.Common", "Startitecture.Orm.Common\Startitecture.Orm.Common.csproj", "{5643589D-8D46-4717-AE66-994173F3D671}"
EndProject
Project("{FAE04EC0-301F-11D3-BF4B-00C04F79EFBC}") = "SAF.Testing.Common.Tests", "SAF.Testing.Common.Tests\SAF.Testing.Common.Tests.csproj", "{62766A6B-8299-4580-85F4-8488EE8F774A}"
EndProject
Project("{FAE04EC0-301F-11D3-BF4B-00C04F79EFBC}") = "Startitecture.Repository.Mapping", "Startitecture.Repository.Mapping\Startitecture.Repository.Mapping.csproj", "{93206D9F-C517-46E9-AFBA-34190DDDE488}"
EndProject
Project("{00D1A9C2-B5F0-4AF3-8072-F6C62B433612}") = "Startitecture.Orm.Tests.Schema", "Startitecture.Orm.Tests.Schema\Startitecture.Orm.Tests.Schema.sqlproj", "{988778F0-8E54-4338-8131-06AD34C14741}"
EndProject
Project("{FAE04EC0-301F-11D3-BF4B-00C04F79EFBC}") = "Startitecture.Forms.Model", "Startitecture.Forms.Model\Startitecture.Forms.Model.csproj", "{8C414EA1-5AB4-43BA-BB01-88CE7DE25FC6}"
EndProject
Project("{FAE04EC0-301F-11D3-BF4B-00C04F79EFBC}") = "Startitecture.Common.Model", "Startitecture.Common.Model\Startitecture.Common.Model.csproj", "{B2A85677-E1D8-4919-A5C6-1B8BB59C819A}"
EndProject
Project("{FAE04EC0-301F-11D3-BF4B-00C04F79EFBC}") = "Startitecture.Workflow.Model", "Startitecture.Workflow.Model\Startitecture.Workflow.Model.csproj", "{F3999755-90B5-46E7-A5FD-3D671D20DB93}"
EndProject
Global
	GlobalSection(SolutionConfigurationPlatforms) = preSolution
		Debug|Any CPU = Debug|Any CPU
		Debug|Mixed Platforms = Debug|Mixed Platforms
		Debug|x86 = Debug|x86
		DebugLocal|Any CPU = DebugLocal|Any CPU
		DebugLocal|Mixed Platforms = DebugLocal|Mixed Platforms
		DebugLocal|x86 = DebugLocal|x86
		Release|Any CPU = Release|Any CPU
		Release|Mixed Platforms = Release|Mixed Platforms
		Release|x86 = Release|x86
	EndGlobalSection
	GlobalSection(ProjectConfigurationPlatforms) = postSolution
		{CC6AA902-7C36-4F19-8C16-81B2FC4E38B9}.Debug|Any CPU.ActiveCfg = Debug|Any CPU
		{CC6AA902-7C36-4F19-8C16-81B2FC4E38B9}.Debug|Any CPU.Build.0 = Debug|Any CPU
		{CC6AA902-7C36-4F19-8C16-81B2FC4E38B9}.Debug|Mixed Platforms.ActiveCfg = Debug|Any CPU
		{CC6AA902-7C36-4F19-8C16-81B2FC4E38B9}.Debug|Mixed Platforms.Build.0 = Debug|Any CPU
		{CC6AA902-7C36-4F19-8C16-81B2FC4E38B9}.Debug|x86.ActiveCfg = Debug|Any CPU
		{CC6AA902-7C36-4F19-8C16-81B2FC4E38B9}.DebugLocal|Any CPU.ActiveCfg = DebugLocal|Any CPU
		{CC6AA902-7C36-4F19-8C16-81B2FC4E38B9}.DebugLocal|Any CPU.Build.0 = DebugLocal|Any CPU
		{CC6AA902-7C36-4F19-8C16-81B2FC4E38B9}.DebugLocal|Mixed Platforms.ActiveCfg = DebugLocal|Any CPU
		{CC6AA902-7C36-4F19-8C16-81B2FC4E38B9}.DebugLocal|Mixed Platforms.Build.0 = DebugLocal|Any CPU
		{CC6AA902-7C36-4F19-8C16-81B2FC4E38B9}.DebugLocal|x86.ActiveCfg = DebugLocal|Any CPU
		{CC6AA902-7C36-4F19-8C16-81B2FC4E38B9}.DebugLocal|x86.Build.0 = DebugLocal|Any CPU
		{CC6AA902-7C36-4F19-8C16-81B2FC4E38B9}.Release|Any CPU.ActiveCfg = Release|Any CPU
		{CC6AA902-7C36-4F19-8C16-81B2FC4E38B9}.Release|Any CPU.Build.0 = Release|Any CPU
		{CC6AA902-7C36-4F19-8C16-81B2FC4E38B9}.Release|Mixed Platforms.ActiveCfg = Release|Any CPU
		{CC6AA902-7C36-4F19-8C16-81B2FC4E38B9}.Release|Mixed Platforms.Build.0 = Release|Any CPU
		{CC6AA902-7C36-4F19-8C16-81B2FC4E38B9}.Release|x86.ActiveCfg = Release|Any CPU
		{746FAE9A-6FE4-4253-BEA3-B56AE1909B76}.Debug|Any CPU.ActiveCfg = Debug|Any CPU
		{746FAE9A-6FE4-4253-BEA3-B56AE1909B76}.Debug|Any CPU.Build.0 = Debug|Any CPU
		{746FAE9A-6FE4-4253-BEA3-B56AE1909B76}.Debug|Mixed Platforms.ActiveCfg = Debug|Any CPU
		{746FAE9A-6FE4-4253-BEA3-B56AE1909B76}.Debug|Mixed Platforms.Build.0 = Debug|Any CPU
		{746FAE9A-6FE4-4253-BEA3-B56AE1909B76}.Debug|x86.ActiveCfg = Debug|Any CPU
		{746FAE9A-6FE4-4253-BEA3-B56AE1909B76}.DebugLocal|Any CPU.ActiveCfg = DebugLocal|Any CPU
		{746FAE9A-6FE4-4253-BEA3-B56AE1909B76}.DebugLocal|Any CPU.Build.0 = DebugLocal|Any CPU
		{746FAE9A-6FE4-4253-BEA3-B56AE1909B76}.DebugLocal|Mixed Platforms.ActiveCfg = DebugLocal|Any CPU
		{746FAE9A-6FE4-4253-BEA3-B56AE1909B76}.DebugLocal|Mixed Platforms.Build.0 = DebugLocal|Any CPU
		{746FAE9A-6FE4-4253-BEA3-B56AE1909B76}.DebugLocal|x86.ActiveCfg = DebugLocal|Any CPU
		{746FAE9A-6FE4-4253-BEA3-B56AE1909B76}.DebugLocal|x86.Build.0 = DebugLocal|Any CPU
		{746FAE9A-6FE4-4253-BEA3-B56AE1909B76}.Release|Any CPU.ActiveCfg = Release|Any CPU
		{746FAE9A-6FE4-4253-BEA3-B56AE1909B76}.Release|Any CPU.Build.0 = Release|Any CPU
		{746FAE9A-6FE4-4253-BEA3-B56AE1909B76}.Release|Mixed Platforms.ActiveCfg = Release|Any CPU
		{746FAE9A-6FE4-4253-BEA3-B56AE1909B76}.Release|Mixed Platforms.Build.0 = Release|Any CPU
		{746FAE9A-6FE4-4253-BEA3-B56AE1909B76}.Release|x86.ActiveCfg = Release|Any CPU
		{6738DFC0-A112-438B-B5D7-33732DCAD6D7}.Debug|Any CPU.ActiveCfg = Debug|Any CPU
		{6738DFC0-A112-438B-B5D7-33732DCAD6D7}.Debug|Any CPU.Build.0 = Debug|Any CPU
		{6738DFC0-A112-438B-B5D7-33732DCAD6D7}.Debug|Mixed Platforms.ActiveCfg = Debug|Any CPU
		{6738DFC0-A112-438B-B5D7-33732DCAD6D7}.Debug|Mixed Platforms.Build.0 = Debug|Any CPU
		{6738DFC0-A112-438B-B5D7-33732DCAD6D7}.Debug|x86.ActiveCfg = Debug|Any CPU
		{6738DFC0-A112-438B-B5D7-33732DCAD6D7}.DebugLocal|Any CPU.ActiveCfg = DebugLocal|Any CPU
		{6738DFC0-A112-438B-B5D7-33732DCAD6D7}.DebugLocal|Any CPU.Build.0 = DebugLocal|Any CPU
		{6738DFC0-A112-438B-B5D7-33732DCAD6D7}.DebugLocal|Mixed Platforms.ActiveCfg = DebugLocal|Any CPU
		{6738DFC0-A112-438B-B5D7-33732DCAD6D7}.DebugLocal|Mixed Platforms.Build.0 = DebugLocal|Any CPU
		{6738DFC0-A112-438B-B5D7-33732DCAD6D7}.DebugLocal|x86.ActiveCfg = DebugLocal|Any CPU
		{6738DFC0-A112-438B-B5D7-33732DCAD6D7}.DebugLocal|x86.Build.0 = DebugLocal|Any CPU
		{6738DFC0-A112-438B-B5D7-33732DCAD6D7}.Release|Any CPU.ActiveCfg = Release|Any CPU
		{6738DFC0-A112-438B-B5D7-33732DCAD6D7}.Release|Any CPU.Build.0 = Release|Any CPU
		{6738DFC0-A112-438B-B5D7-33732DCAD6D7}.Release|Mixed Platforms.ActiveCfg = Release|Any CPU
		{6738DFC0-A112-438B-B5D7-33732DCAD6D7}.Release|Mixed Platforms.Build.0 = Release|Any CPU
		{6738DFC0-A112-438B-B5D7-33732DCAD6D7}.Release|x86.ActiveCfg = Release|Any CPU
		{70ABC461-D809-443F-AD98-32EADAAD60E4}.Debug|Any CPU.ActiveCfg = Debug|Any CPU
		{70ABC461-D809-443F-AD98-32EADAAD60E4}.Debug|Any CPU.Build.0 = Debug|Any CPU
		{70ABC461-D809-443F-AD98-32EADAAD60E4}.Debug|Mixed Platforms.ActiveCfg = Debug|Any CPU
		{70ABC461-D809-443F-AD98-32EADAAD60E4}.Debug|Mixed Platforms.Build.0 = Debug|Any CPU
		{70ABC461-D809-443F-AD98-32EADAAD60E4}.Debug|x86.ActiveCfg = Debug|Any CPU
		{70ABC461-D809-443F-AD98-32EADAAD60E4}.DebugLocal|Any CPU.ActiveCfg = DebugLocal|Any CPU
		{70ABC461-D809-443F-AD98-32EADAAD60E4}.DebugLocal|Any CPU.Build.0 = DebugLocal|Any CPU
		{70ABC461-D809-443F-AD98-32EADAAD60E4}.DebugLocal|Mixed Platforms.ActiveCfg = DebugLocal|Any CPU
		{70ABC461-D809-443F-AD98-32EADAAD60E4}.DebugLocal|Mixed Platforms.Build.0 = DebugLocal|Any CPU
		{70ABC461-D809-443F-AD98-32EADAAD60E4}.DebugLocal|x86.ActiveCfg = DebugLocal|Any CPU
		{70ABC461-D809-443F-AD98-32EADAAD60E4}.DebugLocal|x86.Build.0 = DebugLocal|Any CPU
		{70ABC461-D809-443F-AD98-32EADAAD60E4}.Release|Any CPU.ActiveCfg = Release|Any CPU
		{70ABC461-D809-443F-AD98-32EADAAD60E4}.Release|Any CPU.Build.0 = Release|Any CPU
		{70ABC461-D809-443F-AD98-32EADAAD60E4}.Release|Mixed Platforms.ActiveCfg = Release|Any CPU
		{70ABC461-D809-443F-AD98-32EADAAD60E4}.Release|Mixed Platforms.Build.0 = Release|Any CPU
		{70ABC461-D809-443F-AD98-32EADAAD60E4}.Release|x86.ActiveCfg = Release|Any CPU
		{427F22DA-51D4-4DBA-B1EC-108C0B4F1899}.Debug|Any CPU.ActiveCfg = Debug|Any CPU
		{427F22DA-51D4-4DBA-B1EC-108C0B4F1899}.Debug|Any CPU.Build.0 = Debug|Any CPU
		{427F22DA-51D4-4DBA-B1EC-108C0B4F1899}.Debug|Mixed Platforms.ActiveCfg = Debug|Any CPU
		{427F22DA-51D4-4DBA-B1EC-108C0B4F1899}.Debug|Mixed Platforms.Build.0 = Debug|Any CPU
		{427F22DA-51D4-4DBA-B1EC-108C0B4F1899}.Debug|x86.ActiveCfg = Debug|Any CPU
		{427F22DA-51D4-4DBA-B1EC-108C0B4F1899}.DebugLocal|Any CPU.ActiveCfg = DebugLocal|Any CPU
		{427F22DA-51D4-4DBA-B1EC-108C0B4F1899}.DebugLocal|Any CPU.Build.0 = DebugLocal|Any CPU
		{427F22DA-51D4-4DBA-B1EC-108C0B4F1899}.DebugLocal|Mixed Platforms.ActiveCfg = DebugLocal|Any CPU
		{427F22DA-51D4-4DBA-B1EC-108C0B4F1899}.DebugLocal|Mixed Platforms.Build.0 = DebugLocal|Any CPU
		{427F22DA-51D4-4DBA-B1EC-108C0B4F1899}.DebugLocal|x86.ActiveCfg = DebugLocal|Any CPU
		{427F22DA-51D4-4DBA-B1EC-108C0B4F1899}.DebugLocal|x86.Build.0 = DebugLocal|Any CPU
		{427F22DA-51D4-4DBA-B1EC-108C0B4F1899}.Release|Any CPU.ActiveCfg = Release|Any CPU
		{427F22DA-51D4-4DBA-B1EC-108C0B4F1899}.Release|Any CPU.Build.0 = Release|Any CPU
		{427F22DA-51D4-4DBA-B1EC-108C0B4F1899}.Release|Mixed Platforms.ActiveCfg = Release|Any CPU
		{427F22DA-51D4-4DBA-B1EC-108C0B4F1899}.Release|Mixed Platforms.Build.0 = Release|Any CPU
		{427F22DA-51D4-4DBA-B1EC-108C0B4F1899}.Release|x86.ActiveCfg = Release|Any CPU
		{9D9DC978-66F4-4234-98BA-B55CE579D3BA}.Debug|Any CPU.ActiveCfg = Debug|Any CPU
		{9D9DC978-66F4-4234-98BA-B55CE579D3BA}.Debug|Any CPU.Build.0 = Debug|Any CPU
		{9D9DC978-66F4-4234-98BA-B55CE579D3BA}.Debug|Mixed Platforms.ActiveCfg = Debug|Any CPU
		{9D9DC978-66F4-4234-98BA-B55CE579D3BA}.Debug|Mixed Platforms.Build.0 = Debug|Any CPU
		{9D9DC978-66F4-4234-98BA-B55CE579D3BA}.Debug|x86.ActiveCfg = Debug|Any CPU
		{9D9DC978-66F4-4234-98BA-B55CE579D3BA}.DebugLocal|Any CPU.ActiveCfg = DebugLocal|Any CPU
		{9D9DC978-66F4-4234-98BA-B55CE579D3BA}.DebugLocal|Any CPU.Build.0 = DebugLocal|Any CPU
		{9D9DC978-66F4-4234-98BA-B55CE579D3BA}.DebugLocal|Mixed Platforms.ActiveCfg = DebugLocal|Any CPU
		{9D9DC978-66F4-4234-98BA-B55CE579D3BA}.DebugLocal|Mixed Platforms.Build.0 = DebugLocal|Any CPU
		{9D9DC978-66F4-4234-98BA-B55CE579D3BA}.DebugLocal|x86.ActiveCfg = DebugLocal|Any CPU
		{9D9DC978-66F4-4234-98BA-B55CE579D3BA}.DebugLocal|x86.Build.0 = DebugLocal|Any CPU
		{9D9DC978-66F4-4234-98BA-B55CE579D3BA}.Release|Any CPU.ActiveCfg = Release|Any CPU
		{9D9DC978-66F4-4234-98BA-B55CE579D3BA}.Release|Any CPU.Build.0 = Release|Any CPU
		{9D9DC978-66F4-4234-98BA-B55CE579D3BA}.Release|Mixed Platforms.ActiveCfg = Release|Any CPU
		{9D9DC978-66F4-4234-98BA-B55CE579D3BA}.Release|Mixed Platforms.Build.0 = Release|Any CPU
		{9D9DC978-66F4-4234-98BA-B55CE579D3BA}.Release|x86.ActiveCfg = Release|Any CPU
		{505C0B1B-18CF-4D2F-900F-C4C128AE4C7A}.Debug|Any CPU.ActiveCfg = Debug|Any CPU
		{505C0B1B-18CF-4D2F-900F-C4C128AE4C7A}.Debug|Any CPU.Build.0 = Debug|Any CPU
		{505C0B1B-18CF-4D2F-900F-C4C128AE4C7A}.Debug|Mixed Platforms.ActiveCfg = Debug|Any CPU
		{505C0B1B-18CF-4D2F-900F-C4C128AE4C7A}.Debug|Mixed Platforms.Build.0 = Debug|Any CPU
		{505C0B1B-18CF-4D2F-900F-C4C128AE4C7A}.Debug|x86.ActiveCfg = Debug|Any CPU
		{505C0B1B-18CF-4D2F-900F-C4C128AE4C7A}.DebugLocal|Any CPU.ActiveCfg = DebugLocal|Any CPU
		{505C0B1B-18CF-4D2F-900F-C4C128AE4C7A}.DebugLocal|Any CPU.Build.0 = DebugLocal|Any CPU
		{505C0B1B-18CF-4D2F-900F-C4C128AE4C7A}.DebugLocal|Mixed Platforms.ActiveCfg = DebugLocal|Any CPU
		{505C0B1B-18CF-4D2F-900F-C4C128AE4C7A}.DebugLocal|Mixed Platforms.Build.0 = DebugLocal|Any CPU
		{505C0B1B-18CF-4D2F-900F-C4C128AE4C7A}.DebugLocal|x86.ActiveCfg = DebugLocal|Any CPU
		{505C0B1B-18CF-4D2F-900F-C4C128AE4C7A}.DebugLocal|x86.Build.0 = DebugLocal|Any CPU
		{505C0B1B-18CF-4D2F-900F-C4C128AE4C7A}.Release|Any CPU.ActiveCfg = Release|Any CPU
		{505C0B1B-18CF-4D2F-900F-C4C128AE4C7A}.Release|Any CPU.Build.0 = Release|Any CPU
		{505C0B1B-18CF-4D2F-900F-C4C128AE4C7A}.Release|Mixed Platforms.ActiveCfg = Release|Any CPU
		{505C0B1B-18CF-4D2F-900F-C4C128AE4C7A}.Release|Mixed Platforms.Build.0 = Release|Any CPU
		{505C0B1B-18CF-4D2F-900F-C4C128AE4C7A}.Release|x86.ActiveCfg = Release|Any CPU
		{C501EA54-FC90-4C6E-A01B-14255BD5CBDC}.Debug|Any CPU.ActiveCfg = Debug|Any CPU
		{C501EA54-FC90-4C6E-A01B-14255BD5CBDC}.Debug|Any CPU.Build.0 = Debug|Any CPU
		{C501EA54-FC90-4C6E-A01B-14255BD5CBDC}.Debug|Mixed Platforms.ActiveCfg = Debug|Any CPU
		{C501EA54-FC90-4C6E-A01B-14255BD5CBDC}.Debug|Mixed Platforms.Build.0 = Debug|Any CPU
		{C501EA54-FC90-4C6E-A01B-14255BD5CBDC}.Debug|x86.ActiveCfg = Debug|Any CPU
		{C501EA54-FC90-4C6E-A01B-14255BD5CBDC}.DebugLocal|Any CPU.ActiveCfg = DebugLocal|Any CPU
		{C501EA54-FC90-4C6E-A01B-14255BD5CBDC}.DebugLocal|Any CPU.Build.0 = DebugLocal|Any CPU
		{C501EA54-FC90-4C6E-A01B-14255BD5CBDC}.DebugLocal|Mixed Platforms.ActiveCfg = DebugLocal|Any CPU
		{C501EA54-FC90-4C6E-A01B-14255BD5CBDC}.DebugLocal|Mixed Platforms.Build.0 = DebugLocal|Any CPU
		{C501EA54-FC90-4C6E-A01B-14255BD5CBDC}.DebugLocal|x86.ActiveCfg = DebugLocal|Any CPU
		{C501EA54-FC90-4C6E-A01B-14255BD5CBDC}.DebugLocal|x86.Build.0 = DebugLocal|Any CPU
		{C501EA54-FC90-4C6E-A01B-14255BD5CBDC}.Release|Any CPU.ActiveCfg = Release|Any CPU
		{C501EA54-FC90-4C6E-A01B-14255BD5CBDC}.Release|Any CPU.Build.0 = Release|Any CPU
		{C501EA54-FC90-4C6E-A01B-14255BD5CBDC}.Release|Mixed Platforms.ActiveCfg = Release|Any CPU
		{C501EA54-FC90-4C6E-A01B-14255BD5CBDC}.Release|Mixed Platforms.Build.0 = Release|Any CPU
		{C501EA54-FC90-4C6E-A01B-14255BD5CBDC}.Release|x86.ActiveCfg = Release|Any CPU
		{1F4DF620-B163-4EAC-9D7E-9351E08A6A27}.Debug|Any CPU.ActiveCfg = Debug|Any CPU
		{1F4DF620-B163-4EAC-9D7E-9351E08A6A27}.Debug|Any CPU.Build.0 = Debug|Any CPU
		{1F4DF620-B163-4EAC-9D7E-9351E08A6A27}.Debug|Mixed Platforms.ActiveCfg = Debug|Any CPU
		{1F4DF620-B163-4EAC-9D7E-9351E08A6A27}.Debug|Mixed Platforms.Build.0 = Debug|Any CPU
		{1F4DF620-B163-4EAC-9D7E-9351E08A6A27}.Debug|x86.ActiveCfg = Debug|Any CPU
		{1F4DF620-B163-4EAC-9D7E-9351E08A6A27}.Debug|x86.Build.0 = Debug|Any CPU
		{1F4DF620-B163-4EAC-9D7E-9351E08A6A27}.DebugLocal|Any CPU.ActiveCfg = Debug|Any CPU
		{1F4DF620-B163-4EAC-9D7E-9351E08A6A27}.DebugLocal|Any CPU.Build.0 = Debug|Any CPU
		{1F4DF620-B163-4EAC-9D7E-9351E08A6A27}.DebugLocal|Mixed Platforms.ActiveCfg = Debug|Any CPU
		{1F4DF620-B163-4EAC-9D7E-9351E08A6A27}.DebugLocal|Mixed Platforms.Build.0 = Debug|Any CPU
		{1F4DF620-B163-4EAC-9D7E-9351E08A6A27}.DebugLocal|x86.ActiveCfg = Debug|Any CPU
		{1F4DF620-B163-4EAC-9D7E-9351E08A6A27}.DebugLocal|x86.Build.0 = Debug|Any CPU
		{1F4DF620-B163-4EAC-9D7E-9351E08A6A27}.Release|Any CPU.ActiveCfg = Release|Any CPU
		{1F4DF620-B163-4EAC-9D7E-9351E08A6A27}.Release|Any CPU.Build.0 = Release|Any CPU
		{1F4DF620-B163-4EAC-9D7E-9351E08A6A27}.Release|Mixed Platforms.ActiveCfg = Release|Any CPU
		{1F4DF620-B163-4EAC-9D7E-9351E08A6A27}.Release|Mixed Platforms.Build.0 = Release|Any CPU
		{1F4DF620-B163-4EAC-9D7E-9351E08A6A27}.Release|x86.ActiveCfg = Release|Any CPU
		{1F4DF620-B163-4EAC-9D7E-9351E08A6A27}.Release|x86.Build.0 = Release|Any CPU
		{5643589D-8D46-4717-AE66-994173F3D671}.Debug|Any CPU.ActiveCfg = Debug|Any CPU
		{5643589D-8D46-4717-AE66-994173F3D671}.Debug|Any CPU.Build.0 = Debug|Any CPU
		{5643589D-8D46-4717-AE66-994173F3D671}.Debug|Mixed Platforms.ActiveCfg = Debug|Any CPU
		{5643589D-8D46-4717-AE66-994173F3D671}.Debug|Mixed Platforms.Build.0 = Debug|Any CPU
		{5643589D-8D46-4717-AE66-994173F3D671}.Debug|x86.ActiveCfg = Debug|Any CPU
		{5643589D-8D46-4717-AE66-994173F3D671}.Debug|x86.Build.0 = Debug|Any CPU
		{5643589D-8D46-4717-AE66-994173F3D671}.DebugLocal|Any CPU.ActiveCfg = Debug|Any CPU
		{5643589D-8D46-4717-AE66-994173F3D671}.DebugLocal|Any CPU.Build.0 = Debug|Any CPU
		{5643589D-8D46-4717-AE66-994173F3D671}.DebugLocal|Mixed Platforms.ActiveCfg = Debug|Any CPU
		{5643589D-8D46-4717-AE66-994173F3D671}.DebugLocal|Mixed Platforms.Build.0 = Debug|Any CPU
		{5643589D-8D46-4717-AE66-994173F3D671}.DebugLocal|x86.ActiveCfg = Debug|Any CPU
		{5643589D-8D46-4717-AE66-994173F3D671}.DebugLocal|x86.Build.0 = Debug|Any CPU
		{5643589D-8D46-4717-AE66-994173F3D671}.Release|Any CPU.ActiveCfg = Release|Any CPU
		{5643589D-8D46-4717-AE66-994173F3D671}.Release|Any CPU.Build.0 = Release|Any CPU
		{5643589D-8D46-4717-AE66-994173F3D671}.Release|Mixed Platforms.ActiveCfg = Release|Any CPU
		{5643589D-8D46-4717-AE66-994173F3D671}.Release|Mixed Platforms.Build.0 = Release|Any CPU
		{5643589D-8D46-4717-AE66-994173F3D671}.Release|x86.ActiveCfg = Release|Any CPU
		{5643589D-8D46-4717-AE66-994173F3D671}.Release|x86.Build.0 = Release|Any CPU
		{62766A6B-8299-4580-85F4-8488EE8F774A}.Debug|Any CPU.ActiveCfg = Debug|Any CPU
		{62766A6B-8299-4580-85F4-8488EE8F774A}.Debug|Any CPU.Build.0 = Debug|Any CPU
		{62766A6B-8299-4580-85F4-8488EE8F774A}.Debug|Mixed Platforms.ActiveCfg = Debug|Any CPU
		{62766A6B-8299-4580-85F4-8488EE8F774A}.Debug|Mixed Platforms.Build.0 = Debug|Any CPU
		{62766A6B-8299-4580-85F4-8488EE8F774A}.Debug|x86.ActiveCfg = Debug|Any CPU
		{62766A6B-8299-4580-85F4-8488EE8F774A}.Debug|x86.Build.0 = Debug|Any CPU
		{62766A6B-8299-4580-85F4-8488EE8F774A}.DebugLocal|Any CPU.ActiveCfg = Debug|Any CPU
		{62766A6B-8299-4580-85F4-8488EE8F774A}.DebugLocal|Any CPU.Build.0 = Debug|Any CPU
		{62766A6B-8299-4580-85F4-8488EE8F774A}.DebugLocal|Mixed Platforms.ActiveCfg = Debug|Any CPU
		{62766A6B-8299-4580-85F4-8488EE8F774A}.DebugLocal|Mixed Platforms.Build.0 = Debug|Any CPU
		{62766A6B-8299-4580-85F4-8488EE8F774A}.DebugLocal|x86.ActiveCfg = Debug|Any CPU
		{62766A6B-8299-4580-85F4-8488EE8F774A}.DebugLocal|x86.Build.0 = Debug|Any CPU
		{62766A6B-8299-4580-85F4-8488EE8F774A}.Release|Any CPU.ActiveCfg = Release|Any CPU
		{62766A6B-8299-4580-85F4-8488EE8F774A}.Release|Any CPU.Build.0 = Release|Any CPU
		{62766A6B-8299-4580-85F4-8488EE8F774A}.Release|Mixed Platforms.ActiveCfg = Release|Any CPU
		{62766A6B-8299-4580-85F4-8488EE8F774A}.Release|Mixed Platforms.Build.0 = Release|Any CPU
		{62766A6B-8299-4580-85F4-8488EE8F774A}.Release|x86.ActiveCfg = Release|Any CPU
		{62766A6B-8299-4580-85F4-8488EE8F774A}.Release|x86.Build.0 = Release|Any CPU
		{93206D9F-C517-46E9-AFBA-34190DDDE488}.Debug|Any CPU.ActiveCfg = Debug|Any CPU
		{93206D9F-C517-46E9-AFBA-34190DDDE488}.Debug|Any CPU.Build.0 = Debug|Any CPU
		{93206D9F-C517-46E9-AFBA-34190DDDE488}.Debug|Mixed Platforms.ActiveCfg = Debug|Any CPU
		{93206D9F-C517-46E9-AFBA-34190DDDE488}.Debug|Mixed Platforms.Build.0 = Debug|Any CPU
		{93206D9F-C517-46E9-AFBA-34190DDDE488}.Debug|x86.ActiveCfg = Debug|Any CPU
		{93206D9F-C517-46E9-AFBA-34190DDDE488}.Debug|x86.Build.0 = Debug|Any CPU
		{93206D9F-C517-46E9-AFBA-34190DDDE488}.DebugLocal|Any CPU.ActiveCfg = Debug|Any CPU
		{93206D9F-C517-46E9-AFBA-34190DDDE488}.DebugLocal|Any CPU.Build.0 = Debug|Any CPU
		{93206D9F-C517-46E9-AFBA-34190DDDE488}.DebugLocal|Mixed Platforms.ActiveCfg = Debug|Any CPU
		{93206D9F-C517-46E9-AFBA-34190DDDE488}.DebugLocal|Mixed Platforms.Build.0 = Debug|Any CPU
		{93206D9F-C517-46E9-AFBA-34190DDDE488}.DebugLocal|x86.ActiveCfg = Debug|Any CPU
		{93206D9F-C517-46E9-AFBA-34190DDDE488}.DebugLocal|x86.Build.0 = Debug|Any CPU
		{93206D9F-C517-46E9-AFBA-34190DDDE488}.Release|Any CPU.ActiveCfg = Release|Any CPU
		{93206D9F-C517-46E9-AFBA-34190DDDE488}.Release|Any CPU.Build.0 = Release|Any CPU
		{93206D9F-C517-46E9-AFBA-34190DDDE488}.Release|Mixed Platforms.ActiveCfg = Release|Any CPU
		{93206D9F-C517-46E9-AFBA-34190DDDE488}.Release|Mixed Platforms.Build.0 = Release|Any CPU
		{93206D9F-C517-46E9-AFBA-34190DDDE488}.Release|x86.ActiveCfg = Release|Any CPU
		{93206D9F-C517-46E9-AFBA-34190DDDE488}.Release|x86.Build.0 = Release|Any CPU
		{988778F0-8E54-4338-8131-06AD34C14741}.Debug|Any CPU.ActiveCfg = Debug|Any CPU
		{988778F0-8E54-4338-8131-06AD34C14741}.Debug|Any CPU.Build.0 = Debug|Any CPU
		{988778F0-8E54-4338-8131-06AD34C14741}.Debug|Any CPU.Deploy.0 = Debug|Any CPU
		{988778F0-8E54-4338-8131-06AD34C14741}.Debug|Mixed Platforms.ActiveCfg = Debug|Any CPU
		{988778F0-8E54-4338-8131-06AD34C14741}.Debug|Mixed Platforms.Build.0 = Debug|Any CPU
		{988778F0-8E54-4338-8131-06AD34C14741}.Debug|Mixed Platforms.Deploy.0 = Debug|Any CPU
		{988778F0-8E54-4338-8131-06AD34C14741}.Debug|x86.ActiveCfg = Debug|Any CPU
		{988778F0-8E54-4338-8131-06AD34C14741}.Debug|x86.Build.0 = Debug|Any CPU
		{988778F0-8E54-4338-8131-06AD34C14741}.Debug|x86.Deploy.0 = Debug|Any CPU
		{988778F0-8E54-4338-8131-06AD34C14741}.DebugLocal|Any CPU.ActiveCfg = Debug|Any CPU
		{988778F0-8E54-4338-8131-06AD34C14741}.DebugLocal|Any CPU.Build.0 = Debug|Any CPU
		{988778F0-8E54-4338-8131-06AD34C14741}.DebugLocal|Any CPU.Deploy.0 = Debug|Any CPU
		{988778F0-8E54-4338-8131-06AD34C14741}.DebugLocal|Mixed Platforms.ActiveCfg = Debug|Any CPU
		{988778F0-8E54-4338-8131-06AD34C14741}.DebugLocal|Mixed Platforms.Build.0 = Debug|Any CPU
		{988778F0-8E54-4338-8131-06AD34C14741}.DebugLocal|Mixed Platforms.Deploy.0 = Debug|Any CPU
		{988778F0-8E54-4338-8131-06AD34C14741}.DebugLocal|x86.ActiveCfg = Debug|Any CPU
		{988778F0-8E54-4338-8131-06AD34C14741}.DebugLocal|x86.Build.0 = Debug|Any CPU
		{988778F0-8E54-4338-8131-06AD34C14741}.DebugLocal|x86.Deploy.0 = Debug|Any CPU
		{988778F0-8E54-4338-8131-06AD34C14741}.Release|Any CPU.ActiveCfg = Release|Any CPU
		{988778F0-8E54-4338-8131-06AD34C14741}.Release|Any CPU.Build.0 = Release|Any CPU
		{988778F0-8E54-4338-8131-06AD34C14741}.Release|Any CPU.Deploy.0 = Release|Any CPU
		{988778F0-8E54-4338-8131-06AD34C14741}.Release|Mixed Platforms.ActiveCfg = Release|Any CPU
		{988778F0-8E54-4338-8131-06AD34C14741}.Release|Mixed Platforms.Build.0 = Release|Any CPU
		{988778F0-8E54-4338-8131-06AD34C14741}.Release|Mixed Platforms.Deploy.0 = Release|Any CPU
		{988778F0-8E54-4338-8131-06AD34C14741}.Release|x86.ActiveCfg = Release|Any CPU
		{988778F0-8E54-4338-8131-06AD34C14741}.Release|x86.Build.0 = Release|Any CPU
		{988778F0-8E54-4338-8131-06AD34C14741}.Release|x86.Deploy.0 = Release|Any CPU
		{8C414EA1-5AB4-43BA-BB01-88CE7DE25FC6}.Debug|Any CPU.ActiveCfg = Debug|Any CPU
		{8C414EA1-5AB4-43BA-BB01-88CE7DE25FC6}.Debug|Any CPU.Build.0 = Debug|Any CPU
		{8C414EA1-5AB4-43BA-BB01-88CE7DE25FC6}.Debug|Mixed Platforms.ActiveCfg = Debug|Any CPU
		{8C414EA1-5AB4-43BA-BB01-88CE7DE25FC6}.Debug|Mixed Platforms.Build.0 = Debug|Any CPU
		{8C414EA1-5AB4-43BA-BB01-88CE7DE25FC6}.Debug|x86.ActiveCfg = Debug|Any CPU
		{8C414EA1-5AB4-43BA-BB01-88CE7DE25FC6}.Debug|x86.Build.0 = Debug|Any CPU
		{8C414EA1-5AB4-43BA-BB01-88CE7DE25FC6}.DebugLocal|Any CPU.ActiveCfg = Debug|Any CPU
		{8C414EA1-5AB4-43BA-BB01-88CE7DE25FC6}.DebugLocal|Any CPU.Build.0 = Debug|Any CPU
		{8C414EA1-5AB4-43BA-BB01-88CE7DE25FC6}.DebugLocal|Mixed Platforms.ActiveCfg = Debug|Any CPU
		{8C414EA1-5AB4-43BA-BB01-88CE7DE25FC6}.DebugLocal|Mixed Platforms.Build.0 = Debug|Any CPU
		{8C414EA1-5AB4-43BA-BB01-88CE7DE25FC6}.DebugLocal|x86.ActiveCfg = Debug|Any CPU
		{8C414EA1-5AB4-43BA-BB01-88CE7DE25FC6}.DebugLocal|x86.Build.0 = Debug|Any CPU
		{8C414EA1-5AB4-43BA-BB01-88CE7DE25FC6}.Release|Any CPU.ActiveCfg = Release|Any CPU
		{8C414EA1-5AB4-43BA-BB01-88CE7DE25FC6}.Release|Any CPU.Build.0 = Release|Any CPU
		{8C414EA1-5AB4-43BA-BB01-88CE7DE25FC6}.Release|Mixed Platforms.ActiveCfg = Release|Any CPU
		{8C414EA1-5AB4-43BA-BB01-88CE7DE25FC6}.Release|Mixed Platforms.Build.0 = Release|Any CPU
		{8C414EA1-5AB4-43BA-BB01-88CE7DE25FC6}.Release|x86.ActiveCfg = Release|Any CPU
		{8C414EA1-5AB4-43BA-BB01-88CE7DE25FC6}.Release|x86.Build.0 = Release|Any CPU
		{B2A85677-E1D8-4919-A5C6-1B8BB59C819A}.Debug|Any CPU.ActiveCfg = Debug|Any CPU
		{B2A85677-E1D8-4919-A5C6-1B8BB59C819A}.Debug|Any CPU.Build.0 = Debug|Any CPU
		{B2A85677-E1D8-4919-A5C6-1B8BB59C819A}.Debug|Mixed Platforms.ActiveCfg = Debug|Any CPU
		{B2A85677-E1D8-4919-A5C6-1B8BB59C819A}.Debug|Mixed Platforms.Build.0 = Debug|Any CPU
		{B2A85677-E1D8-4919-A5C6-1B8BB59C819A}.Debug|x86.ActiveCfg = Debug|Any CPU
		{B2A85677-E1D8-4919-A5C6-1B8BB59C819A}.Debug|x86.Build.0 = Debug|Any CPU
		{B2A85677-E1D8-4919-A5C6-1B8BB59C819A}.DebugLocal|Any CPU.ActiveCfg = Debug|Any CPU
		{B2A85677-E1D8-4919-A5C6-1B8BB59C819A}.DebugLocal|Any CPU.Build.0 = Debug|Any CPU
		{B2A85677-E1D8-4919-A5C6-1B8BB59C819A}.DebugLocal|Mixed Platforms.ActiveCfg = Debug|Any CPU
		{B2A85677-E1D8-4919-A5C6-1B8BB59C819A}.DebugLocal|Mixed Platforms.Build.0 = Debug|Any CPU
		{B2A85677-E1D8-4919-A5C6-1B8BB59C819A}.DebugLocal|x86.ActiveCfg = Debug|Any CPU
		{B2A85677-E1D8-4919-A5C6-1B8BB59C819A}.DebugLocal|x86.Build.0 = Debug|Any CPU
		{B2A85677-E1D8-4919-A5C6-1B8BB59C819A}.Release|Any CPU.ActiveCfg = Release|Any CPU
		{B2A85677-E1D8-4919-A5C6-1B8BB59C819A}.Release|Any CPU.Build.0 = Release|Any CPU
		{B2A85677-E1D8-4919-A5C6-1B8BB59C819A}.Release|Mixed Platforms.ActiveCfg = Release|Any CPU
		{B2A85677-E1D8-4919-A5C6-1B8BB59C819A}.Release|Mixed Platforms.Build.0 = Release|Any CPU
		{B2A85677-E1D8-4919-A5C6-1B8BB59C819A}.Release|x86.ActiveCfg = Release|Any CPU
		{B2A85677-E1D8-4919-A5C6-1B8BB59C819A}.Release|x86.Build.0 = Release|Any CPU
		{F3999755-90B5-46E7-A5FD-3D671D20DB93}.Debug|Any CPU.ActiveCfg = Debug|Any CPU
		{F3999755-90B5-46E7-A5FD-3D671D20DB93}.Debug|Any CPU.Build.0 = Debug|Any CPU
		{F3999755-90B5-46E7-A5FD-3D671D20DB93}.Debug|Mixed Platforms.ActiveCfg = Debug|Any CPU
		{F3999755-90B5-46E7-A5FD-3D671D20DB93}.Debug|Mixed Platforms.Build.0 = Debug|Any CPU
		{F3999755-90B5-46E7-A5FD-3D671D20DB93}.Debug|x86.ActiveCfg = Debug|Any CPU
		{F3999755-90B5-46E7-A5FD-3D671D20DB93}.Debug|x86.Build.0 = Debug|Any CPU
		{F3999755-90B5-46E7-A5FD-3D671D20DB93}.DebugLocal|Any CPU.ActiveCfg = Debug|Any CPU
		{F3999755-90B5-46E7-A5FD-3D671D20DB93}.DebugLocal|Any CPU.Build.0 = Debug|Any CPU
		{F3999755-90B5-46E7-A5FD-3D671D20DB93}.DebugLocal|Mixed Platforms.ActiveCfg = Debug|Any CPU
		{F3999755-90B5-46E7-A5FD-3D671D20DB93}.DebugLocal|Mixed Platforms.Build.0 = Debug|Any CPU
		{F3999755-90B5-46E7-A5FD-3D671D20DB93}.DebugLocal|x86.ActiveCfg = Debug|Any CPU
		{F3999755-90B5-46E7-A5FD-3D671D20DB93}.DebugLocal|x86.Build.0 = Debug|Any CPU
		{F3999755-90B5-46E7-A5FD-3D671D20DB93}.Release|Any CPU.ActiveCfg = Release|Any CPU
		{F3999755-90B5-46E7-A5FD-3D671D20DB93}.Release|Any CPU.Build.0 = Release|Any CPU
		{F3999755-90B5-46E7-A5FD-3D671D20DB93}.Release|Mixed Platforms.ActiveCfg = Release|Any CPU
		{F3999755-90B5-46E7-A5FD-3D671D20DB93}.Release|Mixed Platforms.Build.0 = Release|Any CPU
		{F3999755-90B5-46E7-A5FD-3D671D20DB93}.Release|x86.ActiveCfg = Release|Any CPU
		{F3999755-90B5-46E7-A5FD-3D671D20DB93}.Release|x86.Build.0 = Release|Any CPU
	EndGlobalSection
	GlobalSection(SolutionProperties) = preSolution
		HideSolutionNode = FALSE
	EndGlobalSection
	GlobalSection(NestedProjects) = preSolution
		{6738DFC0-A112-438B-B5D7-33732DCAD6D7} = {6BD71D9F-938D-4A32-8A5C-1ECCC5B5DCA8}
		{70ABC461-D809-443F-AD98-32EADAAD60E4} = {6BD71D9F-938D-4A32-8A5C-1ECCC5B5DCA8}
		{505C0B1B-18CF-4D2F-900F-C4C128AE4C7A} = {6BD71D9F-938D-4A32-8A5C-1ECCC5B5DCA8}
		{C501EA54-FC90-4C6E-A01B-14255BD5CBDC} = {6BD71D9F-938D-4A32-8A5C-1ECCC5B5DCA8}
		{62766A6B-8299-4580-85F4-8488EE8F774A} = {6BD71D9F-938D-4A32-8A5C-1ECCC5B5DCA8}
	EndGlobalSection
	GlobalSection(ExtensibilityGlobals) = postSolution
		SolutionGuid = {8836AFFF-81BC-4FD9-91A1-C78F367E7813}
		EnterpriseLibraryConfigurationToolBinariesPath = C:\Program Files (x86)\Microsoft Enterprise Library 5.0\Bin
	EndGlobalSection
	GlobalSection(TestCaseManagementSettings) = postSolution
		CategoryFile = Simple Application Framework.vsmdi
	EndGlobalSection
EndGlobal
